// !$*UTF8*$!
{
	archiveVersion = 1;
	classes = {
	};
	objectVersion = 56;
	objects = {

/* Begin PBXBuildFile section */
		1F045FBE2A467D3400CC82A4 /* CardColorIndicator.swift in Sources */ = {isa = PBXBuildFile; fileRef = 1F045FBD2A467D3400CC82A4 /* CardColorIndicator.swift */; };
		1F0F993D29F8972600AA9F69 /* CardOfTheDay.swift in Sources */ = {isa = PBXBuildFile; fileRef = 1F0F993C29F8972600AA9F69 /* CardOfTheDay.swift */; };
		1F0F994029F8A3AD00AA9F69 /* CardOfTheDayView.swift in Sources */ = {isa = PBXBuildFile; fileRef = 1F0F993F29F8A3AD00AA9F69 /* CardOfTheDayView.swift */; };
		1F0F994429F8A4E400AA9F69 /* CardSearchViewModel.swift in Sources */ = {isa = PBXBuildFile; fileRef = 1F0F994329F8A4E400AA9F69 /* CardSearchViewModel.swift */; };
		1F1A3AC529871EE600B69892 /* CardSuggestionsView.swift in Sources */ = {isa = PBXBuildFile; fileRef = 1F1A3AC429871EE600B69892 /* CardSuggestionsView.swift */; };
		1F1C1D3A2A3539C600E73D67 /* HATEOAS.swift in Sources */ = {isa = PBXBuildFile; fileRef = 1F1C1D392A3539C600E73D67 /* HATEOAS.swift */; };
		1F1C1D3D2A353B1800E73D67 /* BanListDatesView.swift in Sources */ = {isa = PBXBuildFile; fileRef = 1F1C1D3C2A353B1800E73D67 /* BanListDatesView.swift */; };
		1F1C1D3F2A353C1400E73D67 /* BannedContentView.swift in Sources */ = {isa = PBXBuildFile; fileRef = 1F1C1D3E2A353C1400E73D67 /* BannedContentView.swift */; };
		1F21FF6C2977BC2D00B4451A /* Color.swift in Sources */ = {isa = PBXBuildFile; fileRef = 1F21FF6B2977BC2D00B4451A /* Color.swift */; };
		1F30FE70296B729400B80816 /* SearchResults.swift in Sources */ = {isa = PBXBuildFile; fileRef = 1F30FE6F296B729400B80816 /* SearchResults.swift */; };
		1F32565229635936001AACF1 /* Card.swift in Sources */ = {isa = PBXBuildFile; fileRef = 1F32565129635936001AACF1 /* Card.swift */; };
		1F32565429635AAC001AACF1 /* RequestHelper.swift in Sources */ = {isa = PBXBuildFile; fileRef = 1F32565329635AAC001AACF1 /* RequestHelper.swift */; };
		1F3256592963E116001AACF1 /* MonsterAssociationView.swift in Sources */ = {isa = PBXBuildFile; fileRef = 1F3256582963E116001AACF1 /* MonsterAssociationView.swift */; };
		1F32565B2963E195001AACF1 /* CardStatsView.swift in Sources */ = {isa = PBXBuildFile; fileRef = 1F32565A2963E195001AACF1 /* CardStatsView.swift */; };
		1F32565D2963E25B001AACF1 /* RoundedRectImage.swift in Sources */ = {isa = PBXBuildFile; fileRef = 1F32565C2963E25B001AACF1 /* RoundedRectImage.swift */; };
		1F39328B2A34CA4800BD0DD2 /* YouTubeUploads.swift in Sources */ = {isa = PBXBuildFile; fileRef = 1F39328A2A34CA4800BD0DD2 /* YouTubeUploads.swift */; };
		1F39328D2A34CC3600BD0DD2 /* YouTubeUploadsView.swift in Sources */ = {isa = PBXBuildFile; fileRef = 1F39328C2A34CC3600BD0DD2 /* YouTubeUploadsView.swift */; };
		1F3C10A8296739F500EE4EBE /* APIURLs.swift in Sources */ = {isa = PBXBuildFile; fileRef = 1F3C10A7296739F500EE4EBE /* APIURLs.swift */; };
		1F3C10AA29673E1200EE4EBE /* CardView.swift in Sources */ = {isa = PBXBuildFile; fileRef = 1F3C10A929673E1200EE4EBE /* CardView.swift */; };
		1F601D06297DFBFC007E1E0C /* CardSuggestions.swift in Sources */ = {isa = PBXBuildFile; fileRef = 1F601D05297DFBFC007E1E0C /* CardSuggestions.swift */; };
		1F601D08297DFD52007E1E0C /* DeckList.swift in Sources */ = {isa = PBXBuildFile; fileRef = 1F601D07297DFD52007E1E0C /* DeckList.swift */; };
		1F6687E02967904400C8555D /* CardSearchView.swift in Sources */ = {isa = PBXBuildFile; fileRef = 1F6687DF2967904400C8555D /* CardSearchView.swift */; };
		1F6687E2296798E700C8555D /* HomeView.swift in Sources */ = {isa = PBXBuildFile; fileRef = 1F6687E1296798E700C8555D /* HomeView.swift */; };
		1F68DA382988C22B00541E81 /* RelatedBanListsContentView.swift in Sources */ = {isa = PBXBuildFile; fileRef = 1F68DA372988C22B00541E81 /* RelatedBanListsContentView.swift */; };
		1F7655302964CB2D00512EF1 /* PlaceholderView.swift in Sources */ = {isa = PBXBuildFile; fileRef = 1F76552F2964CB2D00512EF1 /* PlaceholderView.swift */; };
		1F8211E72961FF0000238EE1 /* SKCSwiftApp.swift in Sources */ = {isa = PBXBuildFile; fileRef = 1F8211E62961FF0000238EE1 /* SKCSwiftApp.swift */; };
		1F8211E92961FF0000238EE1 /* ContentView.swift in Sources */ = {isa = PBXBuildFile; fileRef = 1F8211E82961FF0000238EE1 /* ContentView.swift */; };
		1F8211EB2961FF0100238EE1 /* Assets.xcassets in Resources */ = {isa = PBXBuildFile; fileRef = 1F8211EA2961FF0100238EE1 /* Assets.xcassets */; };
		1F8211EE2961FF0100238EE1 /* Preview Assets.xcassets in Resources */ = {isa = PBXBuildFile; fileRef = 1F8211ED2961FF0100238EE1 /* Preview Assets.xcassets */; };
		1F8211F82961FF0100238EE1 /* SKCSwiftTests.swift in Sources */ = {isa = PBXBuildFile; fileRef = 1F8211F72961FF0100238EE1 /* SKCSwiftTests.swift */; };
		1F8212022961FF0100238EE1 /* SKCSwiftUITests.swift in Sources */ = {isa = PBXBuildFile; fileRef = 1F8212012961FF0100238EE1 /* SKCSwiftUITests.swift */; };
		1F8212042961FF0100238EE1 /* SKCSwiftUITestsLaunchTests.swift in Sources */ = {isa = PBXBuildFile; fileRef = 1F8212032961FF0100238EE1 /* SKCSwiftUITestsLaunchTests.swift */; };
		1F86EC3F29688821004F4F1B /* AttributeView.swift in Sources */ = {isa = PBXBuildFile; fileRef = 1F86EC3E29688821004F4F1B /* AttributeView.swift */; };
		1F86EC48296A0055004F4F1B /* CalendarDateView.swift in Sources */ = {isa = PBXBuildFile; fileRef = 1F86EC47296A0055004F4F1B /* CalendarDateView.swift */; };
		1F8BFA0B2A01CCEE008A66D1 /* YGOCardView.swift in Sources */ = {isa = PBXBuildFile; fileRef = 1F8BFA0A2A01CCEE008A66D1 /* YGOCardView.swift */; };
		1F962B2B2967D065007974DA /* RoundedImageView.swift in Sources */ = {isa = PBXBuildFile; fileRef = 1F962B2A2967D065007974DA /* RoundedImageView.swift */; };
		1F96D7902A507F3C0033150D /* InlineDateView.swift in Sources */ = {isa = PBXBuildFile; fileRef = 1F96D78F2A507F3C0033150D /* InlineDateView.swift */; };
		1F96D7962A50E8830033150D /* TabButton.swift in Sources */ = {isa = PBXBuildFile; fileRef = 1F96D7952A50E8830033150D /* TabButton.swift */; };
		1F96D7982A50EE1F0033150D /* BanListFormatsView.swift in Sources */ = {isa = PBXBuildFile; fileRef = 1F96D7972A50EE1F0033150D /* BanListFormatsView.swift */; };
		1FA249FF29809DC500C04B79 /* RelatedContentView.swift in Sources */ = {isa = PBXBuildFile; fileRef = 1FA249FE29809DC500C04B79 /* RelatedContentView.swift */; };
		1FA24A0229809F8400C04B79 /* RelatedProductsContentView.swift in Sources */ = {isa = PBXBuildFile; fileRef = 1FA24A0129809F8400C04B79 /* RelatedProductsContentView.swift */; };
		1FA24A072980A63700C04B79 /* SuggestedCardView.swift in Sources */ = {isa = PBXBuildFile; fileRef = 1FA24A062980A63700C04B79 /* SuggestedCardView.swift */; };
		1FB939042965029B00BF0CBA /* Product.swift in Sources */ = {isa = PBXBuildFile; fileRef = 1FB939032965029B00BF0CBA /* Product.swift */; };
		1FB93906296503AE00BF0CBA /* DataTasks.swift in Sources */ = {isa = PBXBuildFile; fileRef = 1FB93905296503AE00BF0CBA /* DataTasks.swift */; };
		1FB939082965043500BF0CBA /* BanList.swift in Sources */ = {isa = PBXBuildFile; fileRef = 1FB939072965043500BF0CBA /* BanList.swift */; };
		1FB9823C29F9D27900679D81 /* SectionView.swift in Sources */ = {isa = PBXBuildFile; fileRef = 1FB9823B29F9D27900679D81 /* SectionView.swift */; };
		1FB9823E29FA117800679D81 /* DBStatsView.swift in Sources */ = {isa = PBXBuildFile; fileRef = 1FB9823D29FA117800679D81 /* DBStatsView.swift */; };
		1FB9824229FB4A8A00679D81 /* SKCDatabaseStats.swift in Sources */ = {isa = PBXBuildFile; fileRef = 1FB9824129FB4A8A00679D81 /* SKCDatabaseStats.swift */; };
		1FB9824429FC728B00679D81 /* Number.swift in Sources */ = {isa = PBXBuildFile; fileRef = 1FB9824329FC728B00679D81 /* Number.swift */; };
		1FBE069829FDBD2B00EA85A4 /* UpcomingTCGProductsView.swift in Sources */ = {isa = PBXBuildFile; fileRef = 1FBE069729FDBD2B00EA85A4 /* UpcomingTCGProductsView.swift */; };
		1FBE069A29FDBE8000EA85A4 /* Events.swift in Sources */ = {isa = PBXBuildFile; fileRef = 1FBE069929FDBE8000EA85A4 /* Events.swift */; };
		1FD83E1C2985B2E900E40822 /* Date.swift in Sources */ = {isa = PBXBuildFile; fileRef = 1FD83E1B2985B2E900E40822 /* Date.swift */; };
		1FE8C9BF2978CED9005AD924 /* Enum.swift in Sources */ = {isa = PBXBuildFile; fileRef = 1FE8C9BE2978CED9005AD924 /* Enum.swift */; };
		1FE8C9C12978ED3F005AD924 /* Text.swift in Sources */ = {isa = PBXBuildFile; fileRef = 1FE8C9C02978ED3F005AD924 /* Text.swift */; };
		1FEA1BC22AA7FC4E000341F4 /* SegmentedView.swift in Sources */ = {isa = PBXBuildFile; fileRef = 1FEA1BC12AA7FC4E000341F4 /* SegmentedView.swift */; };
		DE63448E2A4545C20016BC43 /* View.swift in Sources */ = {isa = PBXBuildFile; fileRef = DE63448D2A4545C20016BC43 /* View.swift */; };
/* End PBXBuildFile section */

/* Begin PBXContainerItemProxy section */
		1F8211F42961FF0100238EE1 /* PBXContainerItemProxy */ = {
			isa = PBXContainerItemProxy;
			containerPortal = 1F8211DB2961FF0000238EE1 /* Project object */;
			proxyType = 1;
			remoteGlobalIDString = 1F8211E22961FF0000238EE1;
			remoteInfo = SKCSwift;
		};
		1F8211FE2961FF0100238EE1 /* PBXContainerItemProxy */ = {
			isa = PBXContainerItemProxy;
			containerPortal = 1F8211DB2961FF0000238EE1 /* Project object */;
			proxyType = 1;
			remoteGlobalIDString = 1F8211E22961FF0000238EE1;
			remoteInfo = SKCSwift;
		};
/* End PBXContainerItemProxy section */

/* Begin PBXFileReference section */
		1F045FBD2A467D3400CC82A4 /* CardColorIndicator.swift */ = {isa = PBXFileReference; lastKnownFileType = sourcecode.swift; path = CardColorIndicator.swift; sourceTree = "<group>"; };
		1F0F993C29F8972600AA9F69 /* CardOfTheDay.swift */ = {isa = PBXFileReference; lastKnownFileType = sourcecode.swift; path = CardOfTheDay.swift; sourceTree = "<group>"; };
		1F0F993F29F8A3AD00AA9F69 /* CardOfTheDayView.swift */ = {isa = PBXFileReference; lastKnownFileType = sourcecode.swift; path = CardOfTheDayView.swift; sourceTree = "<group>"; };
		1F0F994329F8A4E400AA9F69 /* CardSearchViewModel.swift */ = {isa = PBXFileReference; lastKnownFileType = sourcecode.swift; path = CardSearchViewModel.swift; sourceTree = "<group>"; };
		1F1A3AC429871EE600B69892 /* CardSuggestionsView.swift */ = {isa = PBXFileReference; lastKnownFileType = sourcecode.swift; path = CardSuggestionsView.swift; sourceTree = "<group>"; };
		1F1C1D392A3539C600E73D67 /* HATEOAS.swift */ = {isa = PBXFileReference; lastKnownFileType = sourcecode.swift; path = HATEOAS.swift; sourceTree = "<group>"; };
		1F1C1D3C2A353B1800E73D67 /* BanListDatesView.swift */ = {isa = PBXFileReference; fileEncoding = 4; lastKnownFileType = sourcecode.swift; path = BanListDatesView.swift; sourceTree = "<group>"; };
		1F1C1D3E2A353C1400E73D67 /* BannedContentView.swift */ = {isa = PBXFileReference; lastKnownFileType = sourcecode.swift; path = BannedContentView.swift; sourceTree = "<group>"; };
		1F20ECC92988C4B100D1161D /* Info.plist */ = {isa = PBXFileReference; lastKnownFileType = text.plist; path = Info.plist; sourceTree = "<group>"; };
		1F21FF6B2977BC2D00B4451A /* Color.swift */ = {isa = PBXFileReference; lastKnownFileType = sourcecode.swift; path = Color.swift; sourceTree = "<group>"; };
		1F30FE6F296B729400B80816 /* SearchResults.swift */ = {isa = PBXFileReference; lastKnownFileType = sourcecode.swift; path = SearchResults.swift; sourceTree = "<group>"; };
		1F32565129635936001AACF1 /* Card.swift */ = {isa = PBXFileReference; lastKnownFileType = sourcecode.swift; path = Card.swift; sourceTree = "<group>"; };
		1F32565329635AAC001AACF1 /* RequestHelper.swift */ = {isa = PBXFileReference; lastKnownFileType = sourcecode.swift; path = RequestHelper.swift; sourceTree = "<group>"; };
		1F3256582963E116001AACF1 /* MonsterAssociationView.swift */ = {isa = PBXFileReference; lastKnownFileType = sourcecode.swift; path = MonsterAssociationView.swift; sourceTree = "<group>"; };
		1F32565A2963E195001AACF1 /* CardStatsView.swift */ = {isa = PBXFileReference; lastKnownFileType = sourcecode.swift; path = CardStatsView.swift; sourceTree = "<group>"; };
		1F32565C2963E25B001AACF1 /* RoundedRectImage.swift */ = {isa = PBXFileReference; lastKnownFileType = sourcecode.swift; path = RoundedRectImage.swift; sourceTree = "<group>"; };
		1F39328A2A34CA4800BD0DD2 /* YouTubeUploads.swift */ = {isa = PBXFileReference; lastKnownFileType = sourcecode.swift; path = YouTubeUploads.swift; sourceTree = "<group>"; };
		1F39328C2A34CC3600BD0DD2 /* YouTubeUploadsView.swift */ = {isa = PBXFileReference; fileEncoding = 4; lastKnownFileType = sourcecode.swift; path = YouTubeUploadsView.swift; sourceTree = "<group>"; };
		1F3C10A7296739F500EE4EBE /* APIURLs.swift */ = {isa = PBXFileReference; lastKnownFileType = sourcecode.swift; path = APIURLs.swift; sourceTree = "<group>"; };
		1F3C10A929673E1200EE4EBE /* CardView.swift */ = {isa = PBXFileReference; lastKnownFileType = sourcecode.swift; path = CardView.swift; sourceTree = "<group>"; };
		1F601D05297DFBFC007E1E0C /* CardSuggestions.swift */ = {isa = PBXFileReference; lastKnownFileType = sourcecode.swift; path = CardSuggestions.swift; sourceTree = "<group>"; };
		1F601D07297DFD52007E1E0C /* DeckList.swift */ = {isa = PBXFileReference; lastKnownFileType = sourcecode.swift; path = DeckList.swift; sourceTree = "<group>"; };
		1F6687DF2967904400C8555D /* CardSearchView.swift */ = {isa = PBXFileReference; lastKnownFileType = sourcecode.swift; path = CardSearchView.swift; sourceTree = "<group>"; };
		1F6687E1296798E700C8555D /* HomeView.swift */ = {isa = PBXFileReference; lastKnownFileType = sourcecode.swift; path = HomeView.swift; sourceTree = "<group>"; };
		1F68DA372988C22B00541E81 /* RelatedBanListsContentView.swift */ = {isa = PBXFileReference; lastKnownFileType = sourcecode.swift; path = RelatedBanListsContentView.swift; sourceTree = "<group>"; };
		1F76552F2964CB2D00512EF1 /* PlaceholderView.swift */ = {isa = PBXFileReference; lastKnownFileType = sourcecode.swift; path = PlaceholderView.swift; sourceTree = "<group>"; };
		1F8211E32961FF0000238EE1 /* SKCSwift.app */ = {isa = PBXFileReference; explicitFileType = wrapper.application; includeInIndex = 0; path = SKCSwift.app; sourceTree = BUILT_PRODUCTS_DIR; };
		1F8211E62961FF0000238EE1 /* SKCSwiftApp.swift */ = {isa = PBXFileReference; lastKnownFileType = sourcecode.swift; path = SKCSwiftApp.swift; sourceTree = "<group>"; };
		1F8211E82961FF0000238EE1 /* ContentView.swift */ = {isa = PBXFileReference; lastKnownFileType = sourcecode.swift; path = ContentView.swift; sourceTree = "<group>"; wrapsLines = 0; };
		1F8211EA2961FF0100238EE1 /* Assets.xcassets */ = {isa = PBXFileReference; lastKnownFileType = folder.assetcatalog; path = Assets.xcassets; sourceTree = "<group>"; };
		1F8211ED2961FF0100238EE1 /* Preview Assets.xcassets */ = {isa = PBXFileReference; lastKnownFileType = folder.assetcatalog; path = "Preview Assets.xcassets"; sourceTree = "<group>"; };
		1F8211F32961FF0100238EE1 /* SKCSwiftTests.xctest */ = {isa = PBXFileReference; explicitFileType = wrapper.cfbundle; includeInIndex = 0; path = SKCSwiftTests.xctest; sourceTree = BUILT_PRODUCTS_DIR; };
		1F8211F72961FF0100238EE1 /* SKCSwiftTests.swift */ = {isa = PBXFileReference; lastKnownFileType = sourcecode.swift; path = SKCSwiftTests.swift; sourceTree = "<group>"; };
		1F8211FD2961FF0100238EE1 /* SKCSwiftUITests.xctest */ = {isa = PBXFileReference; explicitFileType = wrapper.cfbundle; includeInIndex = 0; path = SKCSwiftUITests.xctest; sourceTree = BUILT_PRODUCTS_DIR; };
		1F8212012961FF0100238EE1 /* SKCSwiftUITests.swift */ = {isa = PBXFileReference; lastKnownFileType = sourcecode.swift; path = SKCSwiftUITests.swift; sourceTree = "<group>"; };
		1F8212032961FF0100238EE1 /* SKCSwiftUITestsLaunchTests.swift */ = {isa = PBXFileReference; lastKnownFileType = sourcecode.swift; path = SKCSwiftUITestsLaunchTests.swift; sourceTree = "<group>"; };
		1F86EC3E29688821004F4F1B /* AttributeView.swift */ = {isa = PBXFileReference; lastKnownFileType = sourcecode.swift; path = AttributeView.swift; sourceTree = "<group>"; };
		1F86EC47296A0055004F4F1B /* CalendarDateView.swift */ = {isa = PBXFileReference; lastKnownFileType = sourcecode.swift; path = CalendarDateView.swift; sourceTree = "<group>"; };
		1F8BFA0A2A01CCEE008A66D1 /* YGOCardView.swift */ = {isa = PBXFileReference; lastKnownFileType = sourcecode.swift; path = YGOCardView.swift; sourceTree = "<group>"; };
		1F962B2A2967D065007974DA /* RoundedImageView.swift */ = {isa = PBXFileReference; lastKnownFileType = sourcecode.swift; path = RoundedImageView.swift; sourceTree = "<group>"; };
		1F96D78F2A507F3C0033150D /* InlineDateView.swift */ = {isa = PBXFileReference; lastKnownFileType = sourcecode.swift; path = InlineDateView.swift; sourceTree = "<group>"; };
		1F96D7952A50E8830033150D /* TabButton.swift */ = {isa = PBXFileReference; lastKnownFileType = sourcecode.swift; path = TabButton.swift; sourceTree = "<group>"; };
		1F96D7972A50EE1F0033150D /* BanListFormatsView.swift */ = {isa = PBXFileReference; lastKnownFileType = sourcecode.swift; path = BanListFormatsView.swift; sourceTree = "<group>"; };
		1FA249FE29809DC500C04B79 /* RelatedContentView.swift */ = {isa = PBXFileReference; lastKnownFileType = sourcecode.swift; path = RelatedContentView.swift; sourceTree = "<group>"; };
		1FA24A0129809F8400C04B79 /* RelatedProductsContentView.swift */ = {isa = PBXFileReference; lastKnownFileType = sourcecode.swift; path = RelatedProductsContentView.swift; sourceTree = "<group>"; };
		1FA24A062980A63700C04B79 /* SuggestedCardView.swift */ = {isa = PBXFileReference; lastKnownFileType = sourcecode.swift; path = SuggestedCardView.swift; sourceTree = "<group>"; };
		1FB939032965029B00BF0CBA /* Product.swift */ = {isa = PBXFileReference; lastKnownFileType = sourcecode.swift; path = Product.swift; sourceTree = "<group>"; };
		1FB93905296503AE00BF0CBA /* DataTasks.swift */ = {isa = PBXFileReference; lastKnownFileType = sourcecode.swift; path = DataTasks.swift; sourceTree = "<group>"; };
		1FB939072965043500BF0CBA /* BanList.swift */ = {isa = PBXFileReference; lastKnownFileType = sourcecode.swift; path = BanList.swift; sourceTree = "<group>"; };
		1FB9823B29F9D27900679D81 /* SectionView.swift */ = {isa = PBXFileReference; lastKnownFileType = sourcecode.swift; path = SectionView.swift; sourceTree = "<group>"; };
		1FB9823D29FA117800679D81 /* DBStatsView.swift */ = {isa = PBXFileReference; lastKnownFileType = sourcecode.swift; path = DBStatsView.swift; sourceTree = "<group>"; };
		1FB9824129FB4A8A00679D81 /* SKCDatabaseStats.swift */ = {isa = PBXFileReference; lastKnownFileType = sourcecode.swift; path = SKCDatabaseStats.swift; sourceTree = "<group>"; };
		1FB9824329FC728B00679D81 /* Number.swift */ = {isa = PBXFileReference; lastKnownFileType = sourcecode.swift; path = Number.swift; sourceTree = "<group>"; };
		1FBE069729FDBD2B00EA85A4 /* UpcomingTCGProductsView.swift */ = {isa = PBXFileReference; fileEncoding = 4; lastKnownFileType = sourcecode.swift; path = UpcomingTCGProductsView.swift; sourceTree = "<group>"; };
		1FBE069929FDBE8000EA85A4 /* Events.swift */ = {isa = PBXFileReference; fileEncoding = 4; lastKnownFileType = sourcecode.swift; path = Events.swift; sourceTree = "<group>"; };
		1FD83E1B2985B2E900E40822 /* Date.swift */ = {isa = PBXFileReference; lastKnownFileType = sourcecode.swift; path = Date.swift; sourceTree = "<group>"; };
		1FE8C9BE2978CED9005AD924 /* Enum.swift */ = {isa = PBXFileReference; lastKnownFileType = sourcecode.swift; path = Enum.swift; sourceTree = "<group>"; };
		1FE8C9C02978ED3F005AD924 /* Text.swift */ = {isa = PBXFileReference; lastKnownFileType = sourcecode.swift; path = Text.swift; sourceTree = "<group>"; };
		1FEA1BC12AA7FC4E000341F4 /* SegmentedView.swift */ = {isa = PBXFileReference; fileEncoding = 4; lastKnownFileType = sourcecode.swift; path = SegmentedView.swift; sourceTree = "<group>"; };
		DE63448D2A4545C20016BC43 /* View.swift */ = {isa = PBXFileReference; lastKnownFileType = sourcecode.swift; path = View.swift; sourceTree = "<group>"; };
/* End PBXFileReference section */

/* Begin PBXFrameworksBuildPhase section */
		1F8211E02961FF0000238EE1 /* Frameworks */ = {
			isa = PBXFrameworksBuildPhase;
			buildActionMask = 2147483647;
			files = (
			);
			runOnlyForDeploymentPostprocessing = 0;
		};
		1F8211F02961FF0100238EE1 /* Frameworks */ = {
			isa = PBXFrameworksBuildPhase;
			buildActionMask = 2147483647;
			files = (
			);
			runOnlyForDeploymentPostprocessing = 0;
		};
		1F8211FA2961FF0100238EE1 /* Frameworks */ = {
			isa = PBXFrameworksBuildPhase;
			buildActionMask = 2147483647;
			files = (
			);
			runOnlyForDeploymentPostprocessing = 0;
		};
/* End PBXFrameworksBuildPhase section */

/* Begin PBXGroup section */
		1F0F993E29F8A30F00AA9F69 /* ViewModels */ = {
			isa = PBXGroup;
			children = (
				1F0F994329F8A4E400AA9F69 /* CardSearchViewModel.swift */,
			);
			path = ViewModels;
			sourceTree = "<group>";
		};
		1F1C1D3B2A353AFB00E73D67 /* BanList */ = {
			isa = PBXGroup;
			children = (
				1F1C1D3C2A353B1800E73D67 /* BanListDatesView.swift */,
				1F1C1D3E2A353C1400E73D67 /* BannedContentView.swift */,
				1F96D7972A50EE1F0033150D /* BanListFormatsView.swift */,
			);
			path = BanList;
			sourceTree = "<group>";
		};
		1F21FF6A2977BC1700B4451A /* Util */ = {
			isa = PBXGroup;
			children = (
				1F21FF6B2977BC2D00B4451A /* Color.swift */,
				1FE8C9BE2978CED9005AD924 /* Enum.swift */,
				1FE8C9C02978ED3F005AD924 /* Text.swift */,
				1FD83E1B2985B2E900E40822 /* Date.swift */,
				1FB9824329FC728B00679D81 /* Number.swift */,
				DE63448D2A4545C20016BC43 /* View.swift */,
			);
			path = Util;
			sourceTree = "<group>";
		};
		1F32564D296358AB001AACF1 /* Requests */ = {
			isa = PBXGroup;
			children = (
				1F32565329635AAC001AACF1 /* RequestHelper.swift */,
				1FB93905296503AE00BF0CBA /* DataTasks.swift */,
				1F3C10A7296739F500EE4EBE /* APIURLs.swift */,
			);
			path = Requests;
			sourceTree = "<group>";
		};
		1F3256502963590D001AACF1 /* Models */ = {
			isa = PBXGroup;
			children = (
				1FB939072965043500BF0CBA /* BanList.swift */,
				1F32565129635936001AACF1 /* Card.swift */,
				1F0F993C29F8972600AA9F69 /* CardOfTheDay.swift */,
				1F601D05297DFBFC007E1E0C /* CardSuggestions.swift */,
				1F601D07297DFD52007E1E0C /* DeckList.swift */,
				1FBE069929FDBE8000EA85A4 /* Events.swift */,
				1FB939032965029B00BF0CBA /* Product.swift */,
				1F30FE6F296B729400B80816 /* SearchResults.swift */,
				1FB9824129FB4A8A00679D81 /* SKCDatabaseStats.swift */,
				1F39328A2A34CA4800BD0DD2 /* YouTubeUploads.swift */,
				1F1C1D392A3539C600E73D67 /* HATEOAS.swift */,
			);
			path = Models;
			sourceTree = "<group>";
		};
		1F32565529636BA2001AACF1 /* Views */ = {
			isa = PBXGroup;
			children = (
				1F6687DF2967904400C8555D /* CardSearchView.swift */,
				1F6687E1296798E700C8555D /* HomeView.swift */,
				1F1C1D3B2A353AFB00E73D67 /* BanList */,
				1F3C10AB29673ED000EE4EBE /* Card */,
				1F3C10AC29673F1900EE4EBE /* Utility */,
			);
			path = Views;
			sourceTree = "<group>";
		};
		1F3C10AB29673ED000EE4EBE /* Card */ = {
			isa = PBXGroup;
			children = (
				1F86EC3E29688821004F4F1B /* AttributeView.swift */,
				1F32565A2963E195001AACF1 /* CardStatsView.swift */,
				1F1A3AC429871EE600B69892 /* CardSuggestionsView.swift */,
				1F3C10A929673E1200EE4EBE /* CardView.swift */,
				1F3256582963E116001AACF1 /* MonsterAssociationView.swift */,
				1F8BFA0A2A01CCEE008A66D1 /* YGOCardView.swift */,
				1FA24A0029809F3200C04B79 /* RelatedContentViewModels */,
			);
			path = Card;
			sourceTree = "<group>";
		};
		1F3C10AC29673F1900EE4EBE /* Utility */ = {
			isa = PBXGroup;
			children = (
				1FEA1BC12AA7FC4E000341F4 /* SegmentedView.swift */,
				1F045FBD2A467D3400CC82A4 /* CardColorIndicator.swift */,
				1F0F993F29F8A3AD00AA9F69 /* CardOfTheDayView.swift */,
				1F86EC47296A0055004F4F1B /* CalendarDateView.swift */,
				1FB9823D29FA117800679D81 /* DBStatsView.swift */,
				1F76552F2964CB2D00512EF1 /* PlaceholderView.swift */,
				1F962B2A2967D065007974DA /* RoundedImageView.swift */,
				1F32565C2963E25B001AACF1 /* RoundedRectImage.swift */,
				1FB9823B29F9D27900679D81 /* SectionView.swift */,
				1FA24A062980A63700C04B79 /* SuggestedCardView.swift */,
				1FBE069729FDBD2B00EA85A4 /* UpcomingTCGProductsView.swift */,
				1F39328C2A34CC3600BD0DD2 /* YouTubeUploadsView.swift */,
				1F96D78F2A507F3C0033150D /* InlineDateView.swift */,
				1F96D7952A50E8830033150D /* TabButton.swift */,
			);
			path = Utility;
			sourceTree = "<group>";
		};
		1F8211DA2961FF0000238EE1 = {
			isa = PBXGroup;
			children = (
				1F8211E52961FF0000238EE1 /* SKCSwift */,
				1F8211F62961FF0100238EE1 /* SKCSwiftTests */,
				1F8212002961FF0100238EE1 /* SKCSwiftUITests */,
				1F8211E42961FF0000238EE1 /* Products */,
			);
			sourceTree = "<group>";
		};
		1F8211E42961FF0000238EE1 /* Products */ = {
			isa = PBXGroup;
			children = (
				1F8211E32961FF0000238EE1 /* SKCSwift.app */,
				1F8211F32961FF0100238EE1 /* SKCSwiftTests.xctest */,
				1F8211FD2961FF0100238EE1 /* SKCSwiftUITests.xctest */,
			);
			name = Products;
			sourceTree = "<group>";
		};
		1F8211E52961FF0000238EE1 /* SKCSwift */ = {
			isa = PBXGroup;
			children = (
				1F20ECC92988C4B100D1161D /* Info.plist */,
				1F8211E82961FF0000238EE1 /* ContentView.swift */,
				1F8211E62961FF0000238EE1 /* SKCSwiftApp.swift */,
				1F8211EA2961FF0100238EE1 /* Assets.xcassets */,
				1F3256502963590D001AACF1 /* Models */,
				1F8211EC2961FF0100238EE1 /* Preview Content */,
				1F32564D296358AB001AACF1 /* Requests */,
				1F21FF6A2977BC1700B4451A /* Util */,
				1F0F993E29F8A30F00AA9F69 /* ViewModels */,
				1F32565529636BA2001AACF1 /* Views */,
			);
			path = SKCSwift;
			sourceTree = "<group>";
		};
		1F8211EC2961FF0100238EE1 /* Preview Content */ = {
			isa = PBXGroup;
			children = (
				1F8211ED2961FF0100238EE1 /* Preview Assets.xcassets */,
			);
			path = "Preview Content";
			sourceTree = "<group>";
		};
		1F8211F62961FF0100238EE1 /* SKCSwiftTests */ = {
			isa = PBXGroup;
			children = (
				1F8211F72961FF0100238EE1 /* SKCSwiftTests.swift */,
			);
			path = SKCSwiftTests;
			sourceTree = "<group>";
		};
		1F8212002961FF0100238EE1 /* SKCSwiftUITests */ = {
			isa = PBXGroup;
			children = (
				1F8212012961FF0100238EE1 /* SKCSwiftUITests.swift */,
				1F8212032961FF0100238EE1 /* SKCSwiftUITestsLaunchTests.swift */,
			);
			path = SKCSwiftUITests;
			sourceTree = "<group>";
		};
		1FA24A0029809F3200C04B79 /* RelatedContentViewModels */ = {
			isa = PBXGroup;
			children = (
				1FA249FE29809DC500C04B79 /* RelatedContentView.swift */,
				1FA24A0129809F8400C04B79 /* RelatedProductsContentView.swift */,
				1F68DA372988C22B00541E81 /* RelatedBanListsContentView.swift */,
			);
			path = RelatedContentViewModels;
			sourceTree = "<group>";
		};
/* End PBXGroup section */

/* Begin PBXNativeTarget section */
		1F8211E22961FF0000238EE1 /* SKCSwift */ = {
			isa = PBXNativeTarget;
			buildConfigurationList = 1F8212072961FF0100238EE1 /* Build configuration list for PBXNativeTarget "SKCSwift" */;
			buildPhases = (
				1F8211DF2961FF0000238EE1 /* Sources */,
				1F8211E02961FF0000238EE1 /* Frameworks */,
				1F8211E12961FF0000238EE1 /* Resources */,
			);
			buildRules = (
			);
			dependencies = (
			);
			name = SKCSwift;
			productName = SKCSwift;
			productReference = 1F8211E32961FF0000238EE1 /* SKCSwift.app */;
			productType = "com.apple.product-type.application";
		};
		1F8211F22961FF0100238EE1 /* SKCSwiftTests */ = {
			isa = PBXNativeTarget;
			buildConfigurationList = 1F82120A2961FF0100238EE1 /* Build configuration list for PBXNativeTarget "SKCSwiftTests" */;
			buildPhases = (
				1F8211EF2961FF0100238EE1 /* Sources */,
				1F8211F02961FF0100238EE1 /* Frameworks */,
				1F8211F12961FF0100238EE1 /* Resources */,
			);
			buildRules = (
			);
			dependencies = (
				1F8211F52961FF0100238EE1 /* PBXTargetDependency */,
			);
			name = SKCSwiftTests;
			productName = SKCSwiftTests;
			productReference = 1F8211F32961FF0100238EE1 /* SKCSwiftTests.xctest */;
			productType = "com.apple.product-type.bundle.unit-test";
		};
		1F8211FC2961FF0100238EE1 /* SKCSwiftUITests */ = {
			isa = PBXNativeTarget;
			buildConfigurationList = 1F82120D2961FF0100238EE1 /* Build configuration list for PBXNativeTarget "SKCSwiftUITests" */;
			buildPhases = (
				1F8211F92961FF0100238EE1 /* Sources */,
				1F8211FA2961FF0100238EE1 /* Frameworks */,
				1F8211FB2961FF0100238EE1 /* Resources */,
			);
			buildRules = (
			);
			dependencies = (
				1F8211FF2961FF0100238EE1 /* PBXTargetDependency */,
			);
			name = SKCSwiftUITests;
			productName = SKCSwiftUITests;
			productReference = 1F8211FD2961FF0100238EE1 /* SKCSwiftUITests.xctest */;
			productType = "com.apple.product-type.bundle.ui-testing";
		};
/* End PBXNativeTarget section */

/* Begin PBXProject section */
		1F8211DB2961FF0000238EE1 /* Project object */ = {
			isa = PBXProject;
			attributes = {
				BuildIndependentTargetsInParallel = 1;
				LastSwiftUpdateCheck = 1420;
				LastUpgradeCheck = 1420;
				TargetAttributes = {
					1F8211E22961FF0000238EE1 = {
						CreatedOnToolsVersion = 14.2;
					};
					1F8211F22961FF0100238EE1 = {
						CreatedOnToolsVersion = 14.2;
						TestTargetID = 1F8211E22961FF0000238EE1;
					};
					1F8211FC2961FF0100238EE1 = {
						CreatedOnToolsVersion = 14.2;
						TestTargetID = 1F8211E22961FF0000238EE1;
					};
				};
			};
			buildConfigurationList = 1F8211DE2961FF0000238EE1 /* Build configuration list for PBXProject "SKCSwift" */;
			compatibilityVersion = "Xcode 14.0";
			developmentRegion = en;
			hasScannedForEncodings = 0;
			knownRegions = (
				en,
				Base,
			);
			mainGroup = 1F8211DA2961FF0000238EE1;
			productRefGroup = 1F8211E42961FF0000238EE1 /* Products */;
			projectDirPath = "";
			projectRoot = "";
			targets = (
				1F8211E22961FF0000238EE1 /* SKCSwift */,
				1F8211F22961FF0100238EE1 /* SKCSwiftTests */,
				1F8211FC2961FF0100238EE1 /* SKCSwiftUITests */,
			);
		};
/* End PBXProject section */

/* Begin PBXResourcesBuildPhase section */
		1F8211E12961FF0000238EE1 /* Resources */ = {
			isa = PBXResourcesBuildPhase;
			buildActionMask = 2147483647;
			files = (
				1F8211EE2961FF0100238EE1 /* Preview Assets.xcassets in Resources */,
				1F8211EB2961FF0100238EE1 /* Assets.xcassets in Resources */,
			);
			runOnlyForDeploymentPostprocessing = 0;
		};
		1F8211F12961FF0100238EE1 /* Resources */ = {
			isa = PBXResourcesBuildPhase;
			buildActionMask = 2147483647;
			files = (
			);
			runOnlyForDeploymentPostprocessing = 0;
		};
		1F8211FB2961FF0100238EE1 /* Resources */ = {
			isa = PBXResourcesBuildPhase;
			buildActionMask = 2147483647;
			files = (
			);
			runOnlyForDeploymentPostprocessing = 0;
		};
/* End PBXResourcesBuildPhase section */

/* Begin PBXSourcesBuildPhase section */
		1F8211DF2961FF0000238EE1 /* Sources */ = {
			isa = PBXSourcesBuildPhase;
			buildActionMask = 2147483647;
			files = (
				1F0F994429F8A4E400AA9F69 /* CardSearchViewModel.swift in Sources */,
				1F7655302964CB2D00512EF1 /* PlaceholderView.swift in Sources */,
				1F68DA382988C22B00541E81 /* RelatedBanListsContentView.swift in Sources */,
				1F1C1D3D2A353B1800E73D67 /* BanListDatesView.swift in Sources */,
				1F21FF6C2977BC2D00B4451A /* Color.swift in Sources */,
				1FBE069A29FDBE8000EA85A4 /* Events.swift in Sources */,
				1F96D7982A50EE1F0033150D /* BanListFormatsView.swift in Sources */,
				1FA24A072980A63700C04B79 /* SuggestedCardView.swift in Sources */,
				1F96D7902A507F3C0033150D /* InlineDateView.swift in Sources */,
				1F39328B2A34CA4800BD0DD2 /* YouTubeUploads.swift in Sources */,
				1F32565B2963E195001AACF1 /* CardStatsView.swift in Sources */,
				1F8211E92961FF0000238EE1 /* ContentView.swift in Sources */,
				1FB939082965043500BF0CBA /* BanList.swift in Sources */,
				1FBE069829FDBD2B00EA85A4 /* UpcomingTCGProductsView.swift in Sources */,
				1FB9824429FC728B00679D81 /* Number.swift in Sources */,
				1F601D08297DFD52007E1E0C /* DeckList.swift in Sources */,
				1F32565D2963E25B001AACF1 /* RoundedRectImage.swift in Sources */,
				DE63448E2A4545C20016BC43 /* View.swift in Sources */,
				1FE8C9BF2978CED9005AD924 /* Enum.swift in Sources */,
				1FB9823E29FA117800679D81 /* DBStatsView.swift in Sources */,
				1F39328D2A34CC3600BD0DD2 /* YouTubeUploadsView.swift in Sources */,
				1F601D06297DFBFC007E1E0C /* CardSuggestions.swift in Sources */,
				1FE8C9C12978ED3F005AD924 /* Text.swift in Sources */,
				1FD83E1C2985B2E900E40822 /* Date.swift in Sources */,
				1FB9823C29F9D27900679D81 /* SectionView.swift in Sources */,
				1F86EC3F29688821004F4F1B /* AttributeView.swift in Sources */,
				1F045FBE2A467D3400CC82A4 /* CardColorIndicator.swift in Sources */,
				1F32565229635936001AACF1 /* Card.swift in Sources */,
				1F1C1D3F2A353C1400E73D67 /* BannedContentView.swift in Sources */,
				1FB9824229FB4A8A00679D81 /* SKCDatabaseStats.swift in Sources */,
				1F3256592963E116001AACF1 /* MonsterAssociationView.swift in Sources */,
				1FA24A0229809F8400C04B79 /* RelatedProductsContentView.swift in Sources */,
				1F3C10A8296739F500EE4EBE /* APIURLs.swift in Sources */,
				1F3C10AA29673E1200EE4EBE /* CardView.swift in Sources */,
				1FB93906296503AE00BF0CBA /* DataTasks.swift in Sources */,
				1FEA1BC22AA7FC4E000341F4 /* SegmentedView.swift in Sources */,
				1F96D7962A50E8830033150D /* TabButton.swift in Sources */,
				1FB939042965029B00BF0CBA /* Product.swift in Sources */,
				1F30FE70296B729400B80816 /* SearchResults.swift in Sources */,
				1F0F994029F8A3AD00AA9F69 /* CardOfTheDayView.swift in Sources */,
				1F1C1D3A2A3539C600E73D67 /* HATEOAS.swift in Sources */,
				1F32565429635AAC001AACF1 /* RequestHelper.swift in Sources */,
				1F962B2B2967D065007974DA /* RoundedImageView.swift in Sources */,
				1F6687E02967904400C8555D /* CardSearchView.swift in Sources */,
				1F6687E2296798E700C8555D /* HomeView.swift in Sources */,
				1F8BFA0B2A01CCEE008A66D1 /* YGOCardView.swift in Sources */,
				1FA249FF29809DC500C04B79 /* RelatedContentView.swift in Sources */,
				1F0F993D29F8972600AA9F69 /* CardOfTheDay.swift in Sources */,
				1F1A3AC529871EE600B69892 /* CardSuggestionsView.swift in Sources */,
				1F86EC48296A0055004F4F1B /* CalendarDateView.swift in Sources */,
				1F8211E72961FF0000238EE1 /* SKCSwiftApp.swift in Sources */,
			);
			runOnlyForDeploymentPostprocessing = 0;
		};
		1F8211EF2961FF0100238EE1 /* Sources */ = {
			isa = PBXSourcesBuildPhase;
			buildActionMask = 2147483647;
			files = (
				1F8211F82961FF0100238EE1 /* SKCSwiftTests.swift in Sources */,
			);
			runOnlyForDeploymentPostprocessing = 0;
		};
		1F8211F92961FF0100238EE1 /* Sources */ = {
			isa = PBXSourcesBuildPhase;
			buildActionMask = 2147483647;
			files = (
				1F8212042961FF0100238EE1 /* SKCSwiftUITestsLaunchTests.swift in Sources */,
				1F8212022961FF0100238EE1 /* SKCSwiftUITests.swift in Sources */,
			);
			runOnlyForDeploymentPostprocessing = 0;
		};
/* End PBXSourcesBuildPhase section */

/* Begin PBXTargetDependency section */
		1F8211F52961FF0100238EE1 /* PBXTargetDependency */ = {
			isa = PBXTargetDependency;
			target = 1F8211E22961FF0000238EE1 /* SKCSwift */;
			targetProxy = 1F8211F42961FF0100238EE1 /* PBXContainerItemProxy */;
		};
		1F8211FF2961FF0100238EE1 /* PBXTargetDependency */ = {
			isa = PBXTargetDependency;
			target = 1F8211E22961FF0000238EE1 /* SKCSwift */;
			targetProxy = 1F8211FE2961FF0100238EE1 /* PBXContainerItemProxy */;
		};
/* End PBXTargetDependency section */

/* Begin XCBuildConfiguration section */
		1F8212052961FF0100238EE1 /* Debug */ = {
			isa = XCBuildConfiguration;
			buildSettings = {
				ALWAYS_SEARCH_USER_PATHS = NO;
				CLANG_ANALYZER_NONNULL = YES;
				CLANG_ANALYZER_NUMBER_OBJECT_CONVERSION = YES_AGGRESSIVE;
				CLANG_CXX_LANGUAGE_STANDARD = "gnu++20";
				CLANG_ENABLE_MODULES = YES;
				CLANG_ENABLE_OBJC_ARC = YES;
				CLANG_ENABLE_OBJC_WEAK = YES;
				CLANG_WARN_BLOCK_CAPTURE_AUTORELEASING = YES;
				CLANG_WARN_BOOL_CONVERSION = YES;
				CLANG_WARN_COMMA = YES;
				CLANG_WARN_CONSTANT_CONVERSION = YES;
				CLANG_WARN_DEPRECATED_OBJC_IMPLEMENTATIONS = YES;
				CLANG_WARN_DIRECT_OBJC_ISA_USAGE = YES_ERROR;
				CLANG_WARN_DOCUMENTATION_COMMENTS = YES;
				CLANG_WARN_EMPTY_BODY = YES;
				CLANG_WARN_ENUM_CONVERSION = YES;
				CLANG_WARN_INFINITE_RECURSION = YES;
				CLANG_WARN_INT_CONVERSION = YES;
				CLANG_WARN_NON_LITERAL_NULL_CONVERSION = YES;
				CLANG_WARN_OBJC_IMPLICIT_RETAIN_SELF = YES;
				CLANG_WARN_OBJC_LITERAL_CONVERSION = YES;
				CLANG_WARN_OBJC_ROOT_CLASS = YES_ERROR;
				CLANG_WARN_QUOTED_INCLUDE_IN_FRAMEWORK_HEADER = YES;
				CLANG_WARN_RANGE_LOOP_ANALYSIS = YES;
				CLANG_WARN_STRICT_PROTOTYPES = YES;
				CLANG_WARN_SUSPICIOUS_MOVE = YES;
				CLANG_WARN_UNGUARDED_AVAILABILITY = YES_AGGRESSIVE;
				CLANG_WARN_UNREACHABLE_CODE = YES;
				CLANG_WARN__DUPLICATE_METHOD_MATCH = YES;
				COPY_PHASE_STRIP = NO;
				DEBUG_INFORMATION_FORMAT = dwarf;
				ENABLE_STRICT_OBJC_MSGSEND = YES;
				ENABLE_TESTABILITY = YES;
				GCC_C_LANGUAGE_STANDARD = gnu11;
				GCC_DYNAMIC_NO_PIC = NO;
				GCC_NO_COMMON_BLOCKS = YES;
				GCC_OPTIMIZATION_LEVEL = 0;
				GCC_PREPROCESSOR_DEFINITIONS = (
					"DEBUG=1",
					"$(inherited)",
				);
				GCC_WARN_64_TO_32_BIT_CONVERSION = YES;
				GCC_WARN_ABOUT_RETURN_TYPE = YES_ERROR;
				GCC_WARN_UNDECLARED_SELECTOR = YES;
				GCC_WARN_UNINITIALIZED_AUTOS = YES_AGGRESSIVE;
				GCC_WARN_UNUSED_FUNCTION = YES;
				GCC_WARN_UNUSED_VARIABLE = YES;
				IPHONEOS_DEPLOYMENT_TARGET = 16.2;
				MTL_ENABLE_DEBUG_INFO = INCLUDE_SOURCE;
				MTL_FAST_MATH = YES;
				ONLY_ACTIVE_ARCH = YES;
				SDKROOT = iphoneos;
				SWIFT_ACTIVE_COMPILATION_CONDITIONS = DEBUG;
				SWIFT_OPTIMIZATION_LEVEL = "-Onone";
			};
			name = Debug;
		};
		1F8212062961FF0100238EE1 /* Release */ = {
			isa = XCBuildConfiguration;
			buildSettings = {
				ALWAYS_SEARCH_USER_PATHS = NO;
				CLANG_ANALYZER_NONNULL = YES;
				CLANG_ANALYZER_NUMBER_OBJECT_CONVERSION = YES_AGGRESSIVE;
				CLANG_CXX_LANGUAGE_STANDARD = "gnu++20";
				CLANG_ENABLE_MODULES = YES;
				CLANG_ENABLE_OBJC_ARC = YES;
				CLANG_ENABLE_OBJC_WEAK = YES;
				CLANG_WARN_BLOCK_CAPTURE_AUTORELEASING = YES;
				CLANG_WARN_BOOL_CONVERSION = YES;
				CLANG_WARN_COMMA = YES;
				CLANG_WARN_CONSTANT_CONVERSION = YES;
				CLANG_WARN_DEPRECATED_OBJC_IMPLEMENTATIONS = YES;
				CLANG_WARN_DIRECT_OBJC_ISA_USAGE = YES_ERROR;
				CLANG_WARN_DOCUMENTATION_COMMENTS = YES;
				CLANG_WARN_EMPTY_BODY = YES;
				CLANG_WARN_ENUM_CONVERSION = YES;
				CLANG_WARN_INFINITE_RECURSION = YES;
				CLANG_WARN_INT_CONVERSION = YES;
				CLANG_WARN_NON_LITERAL_NULL_CONVERSION = YES;
				CLANG_WARN_OBJC_IMPLICIT_RETAIN_SELF = YES;
				CLANG_WARN_OBJC_LITERAL_CONVERSION = YES;
				CLANG_WARN_OBJC_ROOT_CLASS = YES_ERROR;
				CLANG_WARN_QUOTED_INCLUDE_IN_FRAMEWORK_HEADER = YES;
				CLANG_WARN_RANGE_LOOP_ANALYSIS = YES;
				CLANG_WARN_STRICT_PROTOTYPES = YES;
				CLANG_WARN_SUSPICIOUS_MOVE = YES;
				CLANG_WARN_UNGUARDED_AVAILABILITY = YES_AGGRESSIVE;
				CLANG_WARN_UNREACHABLE_CODE = YES;
				CLANG_WARN__DUPLICATE_METHOD_MATCH = YES;
				COPY_PHASE_STRIP = NO;
				DEBUG_INFORMATION_FORMAT = "dwarf-with-dsym";
				ENABLE_NS_ASSERTIONS = NO;
				ENABLE_STRICT_OBJC_MSGSEND = YES;
				GCC_C_LANGUAGE_STANDARD = gnu11;
				GCC_NO_COMMON_BLOCKS = YES;
				GCC_WARN_64_TO_32_BIT_CONVERSION = YES;
				GCC_WARN_ABOUT_RETURN_TYPE = YES_ERROR;
				GCC_WARN_UNDECLARED_SELECTOR = YES;
				GCC_WARN_UNINITIALIZED_AUTOS = YES_AGGRESSIVE;
				GCC_WARN_UNUSED_FUNCTION = YES;
				GCC_WARN_UNUSED_VARIABLE = YES;
				IPHONEOS_DEPLOYMENT_TARGET = 16.2;
				MTL_ENABLE_DEBUG_INFO = NO;
				MTL_FAST_MATH = YES;
				SDKROOT = iphoneos;
				SWIFT_COMPILATION_MODE = wholemodule;
				SWIFT_OPTIMIZATION_LEVEL = "-O";
				VALIDATE_PRODUCT = YES;
			};
			name = Release;
		};
		1F8212082961FF0100238EE1 /* Debug */ = {
			isa = XCBuildConfiguration;
			buildSettings = {
				ASSETCATALOG_COMPILER_APPICON_NAME = AppIcon;
				ASSETCATALOG_COMPILER_GLOBAL_ACCENT_COLOR_NAME = AccentColor;
				CODE_SIGN_STYLE = Automatic;
				CURRENT_PROJECT_VERSION = 1;
				DEVELOPMENT_ASSET_PATHS = "\"SKCSwift/Preview Content\"";
				DEVELOPMENT_TEAM = L3TE47Z3E2;
				ENABLE_PREVIEWS = YES;
				GENERATE_INFOPLIST_FILE = YES;
				INFOPLIST_FILE = SKCSwift/Info.plist;
				INFOPLIST_KEY_CFBundleDisplayName = SKC;
				INFOPLIST_KEY_LSApplicationCategoryType = "public.app-category.utilities";
				INFOPLIST_KEY_UIApplicationSupportsIndirectInputEvents = YES;
				INFOPLIST_KEY_UILaunchScreen_Generation = YES;
				INFOPLIST_KEY_UISupportedInterfaceOrientations = UIInterfaceOrientationPortrait;
				INFOPLIST_KEY_UISupportedInterfaceOrientations_iPad = "UIInterfaceOrientationLandscapeLeft UIInterfaceOrientationLandscapeRight UIInterfaceOrientationPortrait UIInterfaceOrientationPortraitUpsideDown";
				IPHONEOS_DEPLOYMENT_TARGET = 16.4;
				LD_RUNPATH_SEARCH_PATHS = (
					"$(inherited)",
					"@executable_path/Frameworks",
				);
				MARKETING_VERSION = 1.0.0;
				PRODUCT_BUNDLE_IDENTIFIER = com.skc.app.swift;
				PRODUCT_NAME = "$(TARGET_NAME)";
				SUPPORTED_PLATFORMS = "iphoneos iphonesimulator";
				SUPPORTS_MACCATALYST = NO;
				SUPPORTS_MAC_DESIGNED_FOR_IPHONE_IPAD = NO;
				SWIFT_EMIT_LOC_STRINGS = YES;
				SWIFT_VERSION = 5.0;
				TARGETED_DEVICE_FAMILY = 1;
			};
			name = Debug;
		};
		1F8212092961FF0100238EE1 /* Release */ = {
			isa = XCBuildConfiguration;
			buildSettings = {
				ASSETCATALOG_COMPILER_APPICON_NAME = AppIcon;
				ASSETCATALOG_COMPILER_GLOBAL_ACCENT_COLOR_NAME = AccentColor;
				CODE_SIGN_STYLE = Automatic;
				CURRENT_PROJECT_VERSION = 1;
				DEVELOPMENT_ASSET_PATHS = "\"SKCSwift/Preview Content\"";
				DEVELOPMENT_TEAM = L3TE47Z3E2;
				ENABLE_PREVIEWS = YES;
				GENERATE_INFOPLIST_FILE = YES;
				INFOPLIST_FILE = SKCSwift/Info.plist;
				INFOPLIST_KEY_CFBundleDisplayName = SKC;
				INFOPLIST_KEY_LSApplicationCategoryType = "public.app-category.utilities";
				INFOPLIST_KEY_UIApplicationSupportsIndirectInputEvents = YES;
				INFOPLIST_KEY_UILaunchScreen_Generation = YES;
				INFOPLIST_KEY_UISupportedInterfaceOrientations = UIInterfaceOrientationPortrait;
				INFOPLIST_KEY_UISupportedInterfaceOrientations_iPad = "UIInterfaceOrientationLandscapeLeft UIInterfaceOrientationLandscapeRight UIInterfaceOrientationPortrait UIInterfaceOrientationPortraitUpsideDown";
				IPHONEOS_DEPLOYMENT_TARGET = 16.4;
				LD_RUNPATH_SEARCH_PATHS = (
					"$(inherited)",
					"@executable_path/Frameworks",
				);
				MARKETING_VERSION = 1.0.0;
				PRODUCT_BUNDLE_IDENTIFIER = com.skc.app.swift;
				PRODUCT_NAME = "$(TARGET_NAME)";
				SUPPORTED_PLATFORMS = "iphoneos iphonesimulator";
				SUPPORTS_MACCATALYST = NO;
				SUPPORTS_MAC_DESIGNED_FOR_IPHONE_IPAD = NO;
				SWIFT_EMIT_LOC_STRINGS = YES;
				SWIFT_VERSION = 5.0;
				TARGETED_DEVICE_FAMILY = 1;
			};
			name = Release;
		};
		1F82120B2961FF0100238EE1 /* Debug */ = {
			isa = XCBuildConfiguration;
			buildSettings = {
				ALWAYS_EMBED_SWIFT_STANDARD_LIBRARIES = YES;
				BUNDLE_LOADER = "$(TEST_HOST)";
				CODE_SIGN_STYLE = Automatic;
				CURRENT_PROJECT_VERSION = 1;
				GENERATE_INFOPLIST_FILE = YES;
				IPHONEOS_DEPLOYMENT_TARGET = 16.2;
				MARKETING_VERSION = 1.0;
				PRODUCT_BUNDLE_IDENTIFIER = com.skc.app.SKCSwiftTests;
				PRODUCT_NAME = "$(TARGET_NAME)";
				SWIFT_EMIT_LOC_STRINGS = NO;
				SWIFT_VERSION = 5.0;
				TARGETED_DEVICE_FAMILY = "1,2";
				TEST_HOST = "$(BUILT_PRODUCTS_DIR)/SKCSwift.app/$(BUNDLE_EXECUTABLE_FOLDER_PATH)/SKCSwift";
			};
			name = Debug;
		};
		1F82120C2961FF0100238EE1 /* Release */ = {
			isa = XCBuildConfiguration;
			buildSettings = {
				ALWAYS_EMBED_SWIFT_STANDARD_LIBRARIES = YES;
				BUNDLE_LOADER = "$(TEST_HOST)";
				CODE_SIGN_STYLE = Automatic;
				CURRENT_PROJECT_VERSION = 1;
				GENERATE_INFOPLIST_FILE = YES;
				IPHONEOS_DEPLOYMENT_TARGET = 16.2;
				MARKETING_VERSION = 1.0;
				PRODUCT_BUNDLE_IDENTIFIER = com.skc.app.SKCSwiftTests;
				PRODUCT_NAME = "$(TARGET_NAME)";
				SWIFT_EMIT_LOC_STRINGS = NO;
				SWIFT_VERSION = 5.0;
				TARGETED_DEVICE_FAMILY = "1,2";
				TEST_HOST = "$(BUILT_PRODUCTS_DIR)/SKCSwift.app/$(BUNDLE_EXECUTABLE_FOLDER_PATH)/SKCSwift";
			};
			name = Release;
		};
		1F82120E2961FF0100238EE1 /* Debug */ = {
			isa = XCBuildConfiguration;
			buildSettings = {
				ALWAYS_EMBED_SWIFT_STANDARD_LIBRARIES = YES;
				CODE_SIGN_STYLE = Automatic;
				CURRENT_PROJECT_VERSION = 1;
				GENERATE_INFOPLIST_FILE = YES;
				MARKETING_VERSION = 1.0;
				PRODUCT_BUNDLE_IDENTIFIER = com.skc.app.SKCSwiftUITests;
				PRODUCT_NAME = "$(TARGET_NAME)";
				SWIFT_EMIT_LOC_STRINGS = NO;
				SWIFT_VERSION = 5.0;
				TARGETED_DEVICE_FAMILY = "1,2";
				TEST_TARGET_NAME = SKCSwift;
			};
			name = Debug;
		};
		1F82120F2961FF0100238EE1 /* Release */ = {
			isa = XCBuildConfiguration;
			buildSettings = {
				ALWAYS_EMBED_SWIFT_STANDARD_LIBRARIES = YES;
				CODE_SIGN_STYLE = Automatic;
				CURRENT_PROJECT_VERSION = 1;
				GENERATE_INFOPLIST_FILE = YES;
				MARKETING_VERSION = 1.0;
				PRODUCT_BUNDLE_IDENTIFIER = com.skc.app.SKCSwiftUITests;
				PRODUCT_NAME = "$(TARGET_NAME)";
				SWIFT_EMIT_LOC_STRINGS = NO;
				SWIFT_VERSION = 5.0;
				TARGETED_DEVICE_FAMILY = "1,2";
				TEST_TARGET_NAME = SKCSwift;
			};
			name = Release;
		};
/* End XCBuildConfiguration section */

/* Begin XCConfigurationList section */
		1F8211DE2961FF0000238EE1 /* Build configuration list for PBXProject "SKCSwift" */ = {
			isa = XCConfigurationList;
			buildConfigurations = (
				1F8212052961FF0100238EE1 /* Debug */,
				1F8212062961FF0100238EE1 /* Release */,
			);
			defaultConfigurationIsVisible = 0;
			defaultConfigurationName = Release;
		};
		1F8212072961FF0100238EE1 /* Build configuration list for PBXNativeTarget "SKCSwift" */ = {
			isa = XCConfigurationList;
			buildConfigurations = (
				1F8212082961FF0100238EE1 /* Debug */,
				1F8212092961FF0100238EE1 /* Release */,
			);
			defaultConfigurationIsVisible = 0;
			defaultConfigurationName = Release;
		};
		1F82120A2961FF0100238EE1 /* Build configuration list for PBXNativeTarget "SKCSwiftTests" */ = {
			isa = XCConfigurationList;
			buildConfigurations = (
				1F82120B2961FF0100238EE1 /* Debug */,
				1F82120C2961FF0100238EE1 /* Release */,
			);
			defaultConfigurationIsVisible = 0;
			defaultConfigurationName = Release;
		};
		1F82120D2961FF0100238EE1 /* Build configuration list for PBXNativeTarget "SKCSwiftUITests" */ = {
			isa = XCConfigurationList;
			buildConfigurations = (
				1F82120E2961FF0100238EE1 /* Debug */,
				1F82120F2961FF0100238EE1 /* Release */,
			);
			defaultConfigurationIsVisible = 0;
			defaultConfigurationName = Release;
		};
/* End XCConfigurationList section */
	};
	rootObject = 1F8211DB2961FF0000238EE1 /* Project object */;
}
