// !$*UTF8*$!
{
	archiveVersion = 1;
	classes = {
	};
	objectVersion = 70;
	objects = {

/* Begin PBXBuildFile section */
		DE605D372EC2E40B0033F2CB /* AppIcon.icon in Resources */ = {isa = PBXBuildFile; fileRef = DE605D362EC2E40B0033F2CB /* AppIcon.icon */; };
		DE70C4BA2E9DF86100C568A5 /* libYGOService.a in Frameworks */ = {isa = PBXBuildFile; fileRef = DE70C4AE2E9DF85100C568A5 /* libYGOService.a */; };
		DE70C4BF2E9DF86D00C568A5 /* GRPCProtobuf in Frameworks */ = {isa = PBXBuildFile; productRef = DE70C4BE2E9DF86D00C568A5 /* GRPCProtobuf */; };
		DE70C4C22E9DF87800C568A5 /* GRPCCore in Frameworks */ = {isa = PBXBuildFile; productRef = DE70C4C12E9DF87800C568A5 /* GRPCCore */; };
		DE70C4C52E9DF88400C568A5 /* GRPCNIOTransportHTTP2 in Frameworks */ = {isa = PBXBuildFile; productRef = DE70C4C42E9DF88400C568A5 /* GRPCNIOTransportHTTP2 */; };
		DEDE9F442C55AED7009E834C /* CachedAsyncImage in Frameworks */ = {isa = PBXBuildFile; productRef = DEDE9F432C55AED7009E834C /* CachedAsyncImage */; };
/* End PBXBuildFile section */

/* Begin PBXContainerItemProxy section */
		1F8211F42961FF0100238EE1 /* PBXContainerItemProxy */ = {
			isa = PBXContainerItemProxy;
			containerPortal = 1F8211DB2961FF0000238EE1 /* Project object */;
			proxyType = 1;
			remoteGlobalIDString = 1F8211E22961FF0000238EE1;
			remoteInfo = SKCSwift;
		};
		1F8211FE2961FF0100238EE1 /* PBXContainerItemProxy */ = {
			isa = PBXContainerItemProxy;
			containerPortal = 1F8211DB2961FF0000238EE1 /* Project object */;
			proxyType = 1;
			remoteGlobalIDString = 1F8211E22961FF0000238EE1;
			remoteInfo = SKCSwift;
		};
		DE70C4BB2E9DF86100C568A5 /* PBXContainerItemProxy */ = {
			isa = PBXContainerItemProxy;
			containerPortal = 1F8211DB2961FF0000238EE1 /* Project object */;
			proxyType = 1;
			remoteGlobalIDString = DE70C4AD2E9DF85100C568A5;
			remoteInfo = YGOService;
		};
/* End PBXContainerItemProxy section */

/* Begin PBXCopyFilesBuildPhase section */
		DE70C4AC2E9DF85100C568A5 /* CopyFiles */ = {
			isa = PBXCopyFilesBuildPhase;
			buildActionMask = 2147483647;
			dstPath = "include/$(PRODUCT_NAME)";
			dstSubfolderSpec = 16;
			files = (
			);
			runOnlyForDeploymentPostprocessing = 0;
		};
/* End PBXCopyFilesBuildPhase section */

/* Begin PBXFileReference section */
		DE4CAF5B2C520DE1000FF167 /* SKCSwift.app */ = {isa = PBXFileReference; explicitFileType = wrapper.application; includeInIndex = 0; path = SKCSwift.app; sourceTree = BUILT_PRODUCTS_DIR; };
		DE605D362EC2E40B0033F2CB /* AppIcon.icon */ = {isa = PBXFileReference; lastKnownFileType = folder.iconcomposer.icon; path = AppIcon.icon; sourceTree = "<group>"; };
		DE70C4AE2E9DF85100C568A5 /* libYGOService.a */ = {isa = PBXFileReference; explicitFileType = archive.ar; includeInIndex = 0; path = libYGOService.a; sourceTree = BUILT_PRODUCTS_DIR; };
		DEB0B2352C520CB7006D70D1 /* SKCSwiftTests.xctest */ = {isa = PBXFileReference; explicitFileType = wrapper.cfbundle; includeInIndex = 0; path = SKCSwiftTests.xctest; sourceTree = BUILT_PRODUCTS_DIR; };
		DEB0B2362C520CB7006D70D1 /* SKCSwiftUITests.xctest */ = {isa = PBXFileReference; explicitFileType = wrapper.cfbundle; includeInIndex = 0; path = SKCSwiftUITests.xctest; sourceTree = BUILT_PRODUCTS_DIR; };
/* End PBXFileReference section */

/* Begin PBXFileSystemSynchronizedBuildFileExceptionSet section */
		DE38E0B72CD7E5F80074D8A6 /* PBXFileSystemSynchronizedBuildFileExceptionSet */ = {
			isa = PBXFileSystemSynchronizedBuildFileExceptionSet;
			membershipExceptions = (
				Info.plist,
			);
			target = 1F8211E22961FF0000238EE1 /* SKCSwift */;
		};
/* End PBXFileSystemSynchronizedBuildFileExceptionSet section */

/* Begin PBXFileSystemSynchronizedRootGroup section */
		DE38E01F2CD7E5AD0074D8A6 /* SKCSwiftTests */ = {isa = PBXFileSystemSynchronizedRootGroup; explicitFileTypes = {}; explicitFolders = (); path = SKCSwiftTests; sourceTree = "<group>"; };
		DE38E0232CD7E5B10074D8A6 /* SKCSwiftUITests */ = {isa = PBXFileSystemSynchronizedRootGroup; explicitFileTypes = {}; explicitFolders = (); path = SKCSwiftUITests; sourceTree = "<group>"; };
		DE38E0742CD7E5F80074D8A6 /* SKCSwift */ = {isa = PBXFileSystemSynchronizedRootGroup; exceptions = (DE38E0B72CD7E5F80074D8A6 /* PBXFileSystemSynchronizedBuildFileExceptionSet */, ); explicitFileTypes = {}; explicitFolders = (); path = SKCSwift; sourceTree = "<group>"; };
		DE70C4AF2E9DF85100C568A5 /* YGOService */ = {isa = PBXFileSystemSynchronizedRootGroup; explicitFileTypes = {}; explicitFolders = (); path = YGOService; sourceTree = "<group>"; };
/* End PBXFileSystemSynchronizedRootGroup section */

/* Begin PBXFrameworksBuildPhase section */
		1F8211E02961FF0000238EE1 /* Frameworks */ = {
			isa = PBXFrameworksBuildPhase;
			buildActionMask = 2147483647;
			files = (
				DEDE9F442C55AED7009E834C /* CachedAsyncImage in Frameworks */,
				DE70C4BA2E9DF86100C568A5 /* libYGOService.a in Frameworks */,
			);
			runOnlyForDeploymentPostprocessing = 0;
		};
		1F8211F02961FF0100238EE1 /* Frameworks */ = {
			isa = PBXFrameworksBuildPhase;
			buildActionMask = 2147483647;
			files = (
			);
			runOnlyForDeploymentPostprocessing = 0;
		};
		1F8211FA2961FF0100238EE1 /* Frameworks */ = {
			isa = PBXFrameworksBuildPhase;
			buildActionMask = 2147483647;
			files = (
			);
			runOnlyForDeploymentPostprocessing = 0;
		};
		DE70C4AB2E9DF85100C568A5 /* Frameworks */ = {
			isa = PBXFrameworksBuildPhase;
			buildActionMask = 2147483647;
			files = (
				DE70C4C52E9DF88400C568A5 /* GRPCNIOTransportHTTP2 in Frameworks */,
				DE70C4BF2E9DF86D00C568A5 /* GRPCProtobuf in Frameworks */,
				DE70C4C22E9DF87800C568A5 /* GRPCCore in Frameworks */,
			);
			runOnlyForDeploymentPostprocessing = 0;
		};
/* End PBXFrameworksBuildPhase section */

/* Begin PBXGroup section */
		1F8211DA2961FF0000238EE1 = {
			isa = PBXGroup;
			children = (
				DE4CAF5B2C520DE1000FF167 /* SKCSwift.app */,
				DEB0B2352C520CB7006D70D1 /* SKCSwiftTests.xctest */,
				DEB0B2362C520CB7006D70D1 /* SKCSwiftUITests.xctest */,
				DE38E0742CD7E5F80074D8A6 /* SKCSwift */,
				DE38E01F2CD7E5AD0074D8A6 /* SKCSwiftTests */,
				DE38E0232CD7E5B10074D8A6 /* SKCSwiftUITests */,
				DE70C4AE2E9DF85100C568A5 /* libYGOService.a */,
				DE70C4AF2E9DF85100C568A5 /* YGOService */,
				DE70C4B92E9DF86100C568A5 /* Frameworks */,
				DE605D362EC2E40B0033F2CB /* AppIcon.icon */,
			);
			sourceTree = "<group>";
		};
		DE70C4B92E9DF86100C568A5 /* Frameworks */ = {
			isa = PBXGroup;
			children = (
			);
			name = Frameworks;
			sourceTree = "<group>";
		};
/* End PBXGroup section */

/* Begin PBXNativeTarget section */
		1F8211E22961FF0000238EE1 /* SKCSwift */ = {
			isa = PBXNativeTarget;
			buildConfigurationList = 1F8212072961FF0100238EE1 /* Build configuration list for PBXNativeTarget "SKCSwift" */;
			buildPhases = (
				1F8211DF2961FF0000238EE1 /* Sources */,
				1F8211E02961FF0000238EE1 /* Frameworks */,
				1F8211E12961FF0000238EE1 /* Resources */,
			);
			buildRules = (
			);
			dependencies = (
				DE70C4BC2E9DF86100C568A5 /* PBXTargetDependency */,
			);
			fileSystemSynchronizedGroups = (
				DE38E0742CD7E5F80074D8A6 /* SKCSwift */,
			);
			name = SKCSwift;
			packageProductDependencies = (
				DEDE9F432C55AED7009E834C /* CachedAsyncImage */,
			);
			productName = SKCSwift;
			productReference = DE4CAF5B2C520DE1000FF167 /* SKCSwift.app */;
			productType = "com.apple.product-type.application";
		};
		1F8211F22961FF0100238EE1 /* SKCSwiftTests */ = {
			isa = PBXNativeTarget;
			buildConfigurationList = 1F82120A2961FF0100238EE1 /* Build configuration list for PBXNativeTarget "SKCSwiftTests" */;
			buildPhases = (
				1F8211EF2961FF0100238EE1 /* Sources */,
				1F8211F02961FF0100238EE1 /* Frameworks */,
				1F8211F12961FF0100238EE1 /* Resources */,
			);
			buildRules = (
			);
			dependencies = (
				1F8211F52961FF0100238EE1 /* PBXTargetDependency */,
			);
			fileSystemSynchronizedGroups = (
				DE38E01F2CD7E5AD0074D8A6 /* SKCSwiftTests */,
			);
			name = SKCSwiftTests;
			productName = SKCSwiftTests;
			productReference = DEB0B2352C520CB7006D70D1 /* SKCSwiftTests.xctest */;
			productType = "com.apple.product-type.bundle.unit-test";
		};
		1F8211FC2961FF0100238EE1 /* SKCSwiftUITests */ = {
			isa = PBXNativeTarget;
			buildConfigurationList = 1F82120D2961FF0100238EE1 /* Build configuration list for PBXNativeTarget "SKCSwiftUITests" */;
			buildPhases = (
				1F8211F92961FF0100238EE1 /* Sources */,
				1F8211FA2961FF0100238EE1 /* Frameworks */,
				1F8211FB2961FF0100238EE1 /* Resources */,
			);
			buildRules = (
			);
			dependencies = (
				1F8211FF2961FF0100238EE1 /* PBXTargetDependency */,
			);
			fileSystemSynchronizedGroups = (
				DE38E0232CD7E5B10074D8A6 /* SKCSwiftUITests */,
			);
			name = SKCSwiftUITests;
			productName = SKCSwiftUITests;
			productReference = DEB0B2362C520CB7006D70D1 /* SKCSwiftUITests.xctest */;
			productType = "com.apple.product-type.bundle.ui-testing";
		};
		DE70C4AD2E9DF85100C568A5 /* YGOService */ = {
			isa = PBXNativeTarget;
			buildConfigurationList = DE70C4B42E9DF85100C568A5 /* Build configuration list for PBXNativeTarget "YGOService" */;
			buildPhases = (
				DE70C4AA2E9DF85100C568A5 /* Sources */,
				DE70C4AB2E9DF85100C568A5 /* Frameworks */,
				DE70C4AC2E9DF85100C568A5 /* CopyFiles */,
			);
			buildRules = (
			);
			dependencies = (
			);
			fileSystemSynchronizedGroups = (
				DE70C4AF2E9DF85100C568A5 /* YGOService */,
			);
			name = YGOService;
			packageProductDependencies = (
				DE70C4BE2E9DF86D00C568A5 /* GRPCProtobuf */,
				DE70C4C12E9DF87800C568A5 /* GRPCCore */,
				DE70C4C42E9DF88400C568A5 /* GRPCNIOTransportHTTP2 */,
			);
			productName = YGOService;
			productReference = DE70C4AE2E9DF85100C568A5 /* libYGOService.a */;
			productType = "com.apple.product-type.library.static";
		};
/* End PBXNativeTarget section */

/* Begin PBXProject section */
		1F8211DB2961FF0000238EE1 /* Project object */ = {
			isa = PBXProject;
			attributes = {
				BuildIndependentTargetsInParallel = 1;
				LastSwiftUpdateCheck = 2600;
				LastUpgradeCheck = 2600;
				TargetAttributes = {
					1F8211E22961FF0000238EE1 = {
						CreatedOnToolsVersion = 14.2;
					};
					1F8211F22961FF0100238EE1 = {
						CreatedOnToolsVersion = 14.2;
						TestTargetID = 1F8211E22961FF0000238EE1;
					};
					1F8211FC2961FF0100238EE1 = {
						CreatedOnToolsVersion = 14.2;
						TestTargetID = 1F8211E22961FF0000238EE1;
					};
					DE70C4AD2E9DF85100C568A5 = {
						CreatedOnToolsVersion = 26.0.1;
					};
				};
			};
			buildConfigurationList = 1F8211DE2961FF0000238EE1 /* Build configuration list for PBXProject "SKCSwift" */;
			compatibilityVersion = "Xcode 14.0";
			developmentRegion = en;
			hasScannedForEncodings = 0;
			knownRegions = (
				en,
				Base,
			);
			mainGroup = 1F8211DA2961FF0000238EE1;
			packageReferences = (
				DEDE9F422C55AED7009E834C /* XCRemoteSwiftPackageReference "swiftui-cached-async-image" */,
				DE70C4BD2E9DF86D00C568A5 /* XCRemoteSwiftPackageReference "grpc-swift-protobuf" */,
				DE70C4C02E9DF87800C568A5 /* XCRemoteSwiftPackageReference "grpc-swift-2" */,
				DE70C4C32E9DF88400C568A5 /* XCRemoteSwiftPackageReference "grpc-swift-nio-transport" */,
			);
			productRefGroup = 1F8211DA2961FF0000238EE1;
			projectDirPath = "";
			projectRoot = "";
			targets = (
				1F8211E22961FF0000238EE1 /* SKCSwift */,
				1F8211F22961FF0100238EE1 /* SKCSwiftTests */,
				1F8211FC2961FF0100238EE1 /* SKCSwiftUITests */,
				DE70C4AD2E9DF85100C568A5 /* YGOService */,
			);
		};
/* End PBXProject section */

/* Begin PBXResourcesBuildPhase section */
		1F8211E12961FF0000238EE1 /* Resources */ = {
			isa = PBXResourcesBuildPhase;
			buildActionMask = 2147483647;
			files = (
				DE605D372EC2E40B0033F2CB /* AppIcon.icon in Resources */,
			);
			runOnlyForDeploymentPostprocessing = 0;
		};
		1F8211F12961FF0100238EE1 /* Resources */ = {
			isa = PBXResourcesBuildPhase;
			buildActionMask = 2147483647;
			files = (
			);
			runOnlyForDeploymentPostprocessing = 0;
		};
		1F8211FB2961FF0100238EE1 /* Resources */ = {
			isa = PBXResourcesBuildPhase;
			buildActionMask = 2147483647;
			files = (
			);
			runOnlyForDeploymentPostprocessing = 0;
		};
/* End PBXResourcesBuildPhase section */

/* Begin PBXSourcesBuildPhase section */
		1F8211DF2961FF0000238EE1 /* Sources */ = {
			isa = PBXSourcesBuildPhase;
			buildActionMask = 2147483647;
			files = (
			);
			runOnlyForDeploymentPostprocessing = 0;
		};
		1F8211EF2961FF0100238EE1 /* Sources */ = {
			isa = PBXSourcesBuildPhase;
			buildActionMask = 2147483647;
			files = (
			);
			runOnlyForDeploymentPostprocessing = 0;
		};
		1F8211F92961FF0100238EE1 /* Sources */ = {
			isa = PBXSourcesBuildPhase;
			buildActionMask = 2147483647;
			files = (
			);
			runOnlyForDeploymentPostprocessing = 0;
		};
		DE70C4AA2E9DF85100C568A5 /* Sources */ = {
			isa = PBXSourcesBuildPhase;
			buildActionMask = 2147483647;
			files = (
			);
			runOnlyForDeploymentPostprocessing = 0;
		};
/* End PBXSourcesBuildPhase section */

/* Begin PBXTargetDependency section */
		1F8211F52961FF0100238EE1 /* PBXTargetDependency */ = {
			isa = PBXTargetDependency;
			target = 1F8211E22961FF0000238EE1 /* SKCSwift */;
			targetProxy = 1F8211F42961FF0100238EE1 /* PBXContainerItemProxy */;
		};
		1F8211FF2961FF0100238EE1 /* PBXTargetDependency */ = {
			isa = PBXTargetDependency;
			target = 1F8211E22961FF0000238EE1 /* SKCSwift */;
			targetProxy = 1F8211FE2961FF0100238EE1 /* PBXContainerItemProxy */;
		};
		DE70C4BC2E9DF86100C568A5 /* PBXTargetDependency */ = {
			isa = PBXTargetDependency;
			target = DE70C4AD2E9DF85100C568A5 /* YGOService */;
			targetProxy = DE70C4BB2E9DF86100C568A5 /* PBXContainerItemProxy */;
		};
/* End PBXTargetDependency section */

/* Begin XCBuildConfiguration section */
		1F8212052961FF0100238EE1 /* Debug */ = {
			isa = XCBuildConfiguration;
			buildSettings = {
				ALWAYS_SEARCH_USER_PATHS = NO;
				ASSETCATALOG_COMPILER_GENERATE_SWIFT_ASSET_SYMBOL_EXTENSIONS = YES;
				CLANG_ANALYZER_NONNULL = YES;
				CLANG_ANALYZER_NUMBER_OBJECT_CONVERSION = YES_AGGRESSIVE;
				CLANG_CXX_LANGUAGE_STANDARD = "gnu++23";
				CLANG_ENABLE_MODULES = YES;
				CLANG_ENABLE_OBJC_ARC = YES;
				CLANG_ENABLE_OBJC_WEAK = YES;
				CLANG_WARN_BLOCK_CAPTURE_AUTORELEASING = YES;
				CLANG_WARN_BOOL_CONVERSION = YES;
				CLANG_WARN_COMMA = YES;
				CLANG_WARN_CONSTANT_CONVERSION = YES;
				CLANG_WARN_DEPRECATED_OBJC_IMPLEMENTATIONS = YES;
				CLANG_WARN_DIRECT_OBJC_ISA_USAGE = YES_ERROR;
				CLANG_WARN_DOCUMENTATION_COMMENTS = YES;
				CLANG_WARN_EMPTY_BODY = YES;
				CLANG_WARN_ENUM_CONVERSION = YES;
				CLANG_WARN_INFINITE_RECURSION = YES;
				CLANG_WARN_INT_CONVERSION = YES;
				CLANG_WARN_NON_LITERAL_NULL_CONVERSION = YES;
				CLANG_WARN_OBJC_IMPLICIT_RETAIN_SELF = YES;
				CLANG_WARN_OBJC_LITERAL_CONVERSION = YES;
				CLANG_WARN_OBJC_ROOT_CLASS = YES_ERROR;
				CLANG_WARN_QUOTED_INCLUDE_IN_FRAMEWORK_HEADER = YES;
				CLANG_WARN_RANGE_LOOP_ANALYSIS = YES;
				CLANG_WARN_STRICT_PROTOTYPES = YES;
				CLANG_WARN_SUSPICIOUS_MOVE = YES;
				CLANG_WARN_UNGUARDED_AVAILABILITY = YES_AGGRESSIVE;
				CLANG_WARN_UNREACHABLE_CODE = YES;
				CLANG_WARN__DUPLICATE_METHOD_MATCH = YES;
				COPY_PHASE_STRIP = NO;
				DEBUG_INFORMATION_FORMAT = dwarf;
				ENABLE_STRICT_OBJC_MSGSEND = YES;
				ENABLE_TESTABILITY = YES;
				ENABLE_USER_SCRIPT_SANDBOXING = YES;
				GCC_C_LANGUAGE_STANDARD = gnu23;
				GCC_DYNAMIC_NO_PIC = NO;
				GCC_NO_COMMON_BLOCKS = YES;
				GCC_OPTIMIZATION_LEVEL = 0;
				GCC_PREPROCESSOR_DEFINITIONS = (
					"DEBUG=1",
					"$(inherited)",
				);
				GCC_WARN_64_TO_32_BIT_CONVERSION = YES;
				GCC_WARN_ABOUT_RETURN_TYPE = YES_ERROR;
				GCC_WARN_UNDECLARED_SELECTOR = YES;
				GCC_WARN_UNINITIALIZED_AUTOS = YES_AGGRESSIVE;
				GCC_WARN_UNUSED_FUNCTION = YES;
				GCC_WARN_UNUSED_VARIABLE = YES;
				IPHONEOS_DEPLOYMENT_TARGET = 26.0;
				MTL_ENABLE_DEBUG_INFO = INCLUDE_SOURCE;
				MTL_FAST_MATH = YES;
				ONLY_ACTIVE_ARCH = YES;
				OTHER_LDFLAGS = "";
				SDKROOT = iphoneos;
				STRING_CATALOG_GENERATE_SYMBOLS = YES;
				SWIFT_ACTIVE_COMPILATION_CONDITIONS = DEBUG;
				SWIFT_APPROACHABLE_CONCURRENCY = YES;
				SWIFT_DEFAULT_ACTOR_ISOLATION = MainActor;
				SWIFT_OPTIMIZATION_LEVEL = "-Onone";
				SWIFT_SKIP_AUTOLINKING_ALL_FRAMEWORKS = YES;
				SWIFT_UPCOMING_FEATURE_EXISTENTIAL_ANY = YES;
				SWIFT_UPCOMING_FEATURE_INTERNAL_IMPORTS_BY_DEFAULT = YES;
				SWIFT_UPCOMING_FEATURE_MEMBER_IMPORT_VISIBILITY = YES;
				SWIFT_VERSION = 6.0;
			};
			name = Debug;
		};
		1F8212062961FF0100238EE1 /* Release */ = {
			isa = XCBuildConfiguration;
			buildSettings = {
				ALWAYS_SEARCH_USER_PATHS = NO;
				ASSETCATALOG_COMPILER_GENERATE_SWIFT_ASSET_SYMBOL_EXTENSIONS = YES;
				CLANG_ANALYZER_NONNULL = YES;
				CLANG_ANALYZER_NUMBER_OBJECT_CONVERSION = YES_AGGRESSIVE;
				CLANG_CXX_LANGUAGE_STANDARD = "gnu++23";
				CLANG_ENABLE_MODULES = YES;
				CLANG_ENABLE_OBJC_ARC = YES;
				CLANG_ENABLE_OBJC_WEAK = YES;
				CLANG_WARN_BLOCK_CAPTURE_AUTORELEASING = YES;
				CLANG_WARN_BOOL_CONVERSION = YES;
				CLANG_WARN_COMMA = YES;
				CLANG_WARN_CONSTANT_CONVERSION = YES;
				CLANG_WARN_DEPRECATED_OBJC_IMPLEMENTATIONS = YES;
				CLANG_WARN_DIRECT_OBJC_ISA_USAGE = YES_ERROR;
				CLANG_WARN_DOCUMENTATION_COMMENTS = YES;
				CLANG_WARN_EMPTY_BODY = YES;
				CLANG_WARN_ENUM_CONVERSION = YES;
				CLANG_WARN_INFINITE_RECURSION = YES;
				CLANG_WARN_INT_CONVERSION = YES;
				CLANG_WARN_NON_LITERAL_NULL_CONVERSION = YES;
				CLANG_WARN_OBJC_IMPLICIT_RETAIN_SELF = YES;
				CLANG_WARN_OBJC_LITERAL_CONVERSION = YES;
				CLANG_WARN_OBJC_ROOT_CLASS = YES_ERROR;
				CLANG_WARN_QUOTED_INCLUDE_IN_FRAMEWORK_HEADER = YES;
				CLANG_WARN_RANGE_LOOP_ANALYSIS = YES;
				CLANG_WARN_STRICT_PROTOTYPES = YES;
				CLANG_WARN_SUSPICIOUS_MOVE = YES;
				CLANG_WARN_UNGUARDED_AVAILABILITY = YES_AGGRESSIVE;
				CLANG_WARN_UNREACHABLE_CODE = YES;
				CLANG_WARN__DUPLICATE_METHOD_MATCH = YES;
				COPY_PHASE_STRIP = NO;
				DEBUG_INFORMATION_FORMAT = "dwarf-with-dsym";
				ENABLE_NS_ASSERTIONS = NO;
				ENABLE_STRICT_OBJC_MSGSEND = YES;
				ENABLE_USER_SCRIPT_SANDBOXING = YES;
				GCC_C_LANGUAGE_STANDARD = gnu23;
				GCC_NO_COMMON_BLOCKS = YES;
				GCC_OPTIMIZATION_LEVEL = fast;
				GCC_WARN_64_TO_32_BIT_CONVERSION = YES;
				GCC_WARN_ABOUT_RETURN_TYPE = YES_ERROR;
				GCC_WARN_UNDECLARED_SELECTOR = YES;
				GCC_WARN_UNINITIALIZED_AUTOS = YES_AGGRESSIVE;
				GCC_WARN_UNUSED_FUNCTION = YES;
				GCC_WARN_UNUSED_VARIABLE = YES;
				IPHONEOS_DEPLOYMENT_TARGET = 26.0;
				MTL_ENABLE_DEBUG_INFO = NO;
				MTL_FAST_MATH = YES;
				OTHER_LDFLAGS = "";
				SDKROOT = iphoneos;
				STRING_CATALOG_GENERATE_SYMBOLS = YES;
				SWIFT_APPROACHABLE_CONCURRENCY = YES;
				SWIFT_COMPILATION_MODE = wholemodule;
				SWIFT_DEFAULT_ACTOR_ISOLATION = MainActor;
				SWIFT_OPTIMIZATION_LEVEL = "-O";
				SWIFT_SKIP_AUTOLINKING_ALL_FRAMEWORKS = YES;
				SWIFT_UPCOMING_FEATURE_EXISTENTIAL_ANY = YES;
				SWIFT_UPCOMING_FEATURE_INTERNAL_IMPORTS_BY_DEFAULT = YES;
				SWIFT_UPCOMING_FEATURE_MEMBER_IMPORT_VISIBILITY = YES;
				SWIFT_VERSION = 6.0;
				VALIDATE_PRODUCT = YES;
			};
			name = Release;
		};
		1F8212082961FF0100238EE1 /* Debug */ = {
			isa = XCBuildConfiguration;
			buildSettings = {
				ASSETCATALOG_COMPILER_APPICON_NAME = AppIcon;
				ASSETCATALOG_COMPILER_GLOBAL_ACCENT_COLOR_NAME = AccentColor;
				CODE_SIGN_ENTITLEMENTS = SKCSwift/SKCSwiftDebug.entitlements;
				CODE_SIGN_STYLE = Automatic;
				CURRENT_PROJECT_VERSION = 20251207.2138;
				DEVELOPMENT_ASSET_PATHS = "\"SKCSwift/Preview Content\"";
				DEVELOPMENT_TEAM = L3TE47Z3E2;
				ENABLE_PREVIEWS = YES;
				GENERATE_INFOPLIST_FILE = YES;
				INFOPLIST_FILE = SKCSwift/Info.plist;
				INFOPLIST_KEY_CFBundleDisplayName = SKC;
				INFOPLIST_KEY_LSApplicationCategoryType = "public.app-category.utilities";
				INFOPLIST_KEY_UIApplicationSupportsIndirectInputEvents = YES;
				INFOPLIST_KEY_UILaunchScreen_Generation = YES;
				INFOPLIST_KEY_UISupportedInterfaceOrientations = UIInterfaceOrientationPortrait;
				INFOPLIST_KEY_UISupportedInterfaceOrientations_iPad = "UIInterfaceOrientationLandscapeLeft UIInterfaceOrientationLandscapeRight UIInterfaceOrientationPortrait UIInterfaceOrientationPortraitUpsideDown";
				IPHONEOS_DEPLOYMENT_TARGET = 18.6;
				LD_RUNPATH_SEARCH_PATHS = (
					"$(inherited)",
					"@executable_path/Frameworks",
				);
				MACOSX_DEPLOYMENT_TARGET = 15.0;
				MARKETING_VERSION = 2.2.3;
				OTHER_SWIFT_FLAGS = "";
				PRODUCT_BUNDLE_IDENTIFIER = com.skc.app.swift;
				PRODUCT_NAME = "$(TARGET_NAME)";
				SUPPORTED_PLATFORMS = "iphoneos iphonesimulator";
				SUPPORTS_MACCATALYST = NO;
				SUPPORTS_MAC_DESIGNED_FOR_IPHONE_IPAD = NO;
				SUPPORTS_XR_DESIGNED_FOR_IPHONE_IPAD = NO;
				SWIFT_APPROACHABLE_CONCURRENCY = YES;
				SWIFT_DEFAULT_ACTOR_ISOLATION = MainActor;
				SWIFT_EMIT_LOC_STRINGS = YES;
				SWIFT_SKIP_AUTOLINKING_ALL_FRAMEWORKS = NO;
				SWIFT_STRICT_CONCURRENCY = complete;
				SWIFT_STRICT_MEMORY_SAFETY = YES;
				SWIFT_UPCOMING_FEATURE_EXISTENTIAL_ANY = YES;
				SWIFT_UPCOMING_FEATURE_INFER_ISOLATED_CONFORMANCES = YES;
				SWIFT_UPCOMING_FEATURE_INTERNAL_IMPORTS_BY_DEFAULT = YES;
				SWIFT_UPCOMING_FEATURE_MEMBER_IMPORT_VISIBILITY = YES;
				SWIFT_UPCOMING_FEATURE_NONISOLATED_NONSENDING_BY_DEFAULT = YES;
				SWIFT_VERSION = 6.0;
				TARGETED_DEVICE_FAMILY = 1;
				TVOS_DEPLOYMENT_TARGET = 18.0;
				WATCHOS_DEPLOYMENT_TARGET = 11.0;
				XROS_DEPLOYMENT_TARGET = 2.0;
			};
			name = Debug;
		};
		1F8212092961FF0100238EE1 /* Release */ = {
			isa = XCBuildConfiguration;
			buildSettings = {
				ASSETCATALOG_COMPILER_APPICON_NAME = AppIcon;
				ASSETCATALOG_COMPILER_GLOBAL_ACCENT_COLOR_NAME = AccentColor;
				CODE_SIGN_ENTITLEMENTS = SKCSwift/SKCSwift.entitlements;
				CODE_SIGN_STYLE = Automatic;
				CURRENT_PROJECT_VERSION = 20251207.2138;
				DEVELOPMENT_ASSET_PATHS = "\"SKCSwift/Preview Content\"";
				DEVELOPMENT_TEAM = L3TE47Z3E2;
				ENABLE_PREVIEWS = YES;
				GENERATE_INFOPLIST_FILE = YES;
				INFOPLIST_FILE = SKCSwift/Info.plist;
				INFOPLIST_KEY_CFBundleDisplayName = SKC;
				INFOPLIST_KEY_LSApplicationCategoryType = "public.app-category.utilities";
				INFOPLIST_KEY_UIApplicationSupportsIndirectInputEvents = YES;
				INFOPLIST_KEY_UILaunchScreen_Generation = YES;
				INFOPLIST_KEY_UISupportedInterfaceOrientations = UIInterfaceOrientationPortrait;
				INFOPLIST_KEY_UISupportedInterfaceOrientations_iPad = "UIInterfaceOrientationLandscapeLeft UIInterfaceOrientationLandscapeRight UIInterfaceOrientationPortrait UIInterfaceOrientationPortraitUpsideDown";
				IPHONEOS_DEPLOYMENT_TARGET = 18.6;
				LD_RUNPATH_SEARCH_PATHS = (
					"$(inherited)",
					"@executable_path/Frameworks",
				);
				MACOSX_DEPLOYMENT_TARGET = 15.0;
				MARKETING_VERSION = 2.2.3;
				OTHER_SWIFT_FLAGS = "";
				PRODUCT_BUNDLE_IDENTIFIER = com.skc.app.swift;
				PRODUCT_NAME = "$(TARGET_NAME)";
				SUPPORTED_PLATFORMS = "iphoneos iphonesimulator";
				SUPPORTS_MACCATALYST = NO;
				SUPPORTS_MAC_DESIGNED_FOR_IPHONE_IPAD = NO;
				SUPPORTS_XR_DESIGNED_FOR_IPHONE_IPAD = NO;
				SWIFT_APPROACHABLE_CONCURRENCY = YES;
				SWIFT_DEFAULT_ACTOR_ISOLATION = MainActor;
				SWIFT_EMIT_LOC_STRINGS = YES;
				SWIFT_SKIP_AUTOLINKING_ALL_FRAMEWORKS = NO;
				SWIFT_STRICT_CONCURRENCY = complete;
				SWIFT_STRICT_MEMORY_SAFETY = YES;
				SWIFT_UPCOMING_FEATURE_EXISTENTIAL_ANY = YES;
				SWIFT_UPCOMING_FEATURE_INFER_ISOLATED_CONFORMANCES = YES;
				SWIFT_UPCOMING_FEATURE_INTERNAL_IMPORTS_BY_DEFAULT = YES;
				SWIFT_UPCOMING_FEATURE_MEMBER_IMPORT_VISIBILITY = YES;
				SWIFT_UPCOMING_FEATURE_NONISOLATED_NONSENDING_BY_DEFAULT = YES;
				SWIFT_VERSION = 6.0;
				TARGETED_DEVICE_FAMILY = 1;
				TVOS_DEPLOYMENT_TARGET = 18.0;
				WATCHOS_DEPLOYMENT_TARGET = 11.0;
				XROS_DEPLOYMENT_TARGET = 2.0;
			};
			name = Release;
		};
		1F82120B2961FF0100238EE1 /* Debug */ = {
			isa = XCBuildConfiguration;
			buildSettings = {
				BUNDLE_LOADER = "$(TEST_HOST)";
				CODE_SIGN_STYLE = Automatic;
				CURRENT_PROJECT_VERSION = 20251207.2138;
				DEVELOPMENT_TEAM = L3TE47Z3E2;
				GENERATE_INFOPLIST_FILE = YES;
				IPHONEOS_DEPLOYMENT_TARGET = 18.0;
				MARKETING_VERSION = 1.0;
				PRODUCT_BUNDLE_IDENTIFIER = com.skc.app.SKCSwiftTests;
				PRODUCT_NAME = "$(TARGET_NAME)";
				SWIFT_EMIT_LOC_STRINGS = NO;
				SWIFT_VERSION = 5.0;
				TARGETED_DEVICE_FAMILY = "1,2";
				TEST_HOST = "$(BUILT_PRODUCTS_DIR)/SKCSwift.app/$(BUNDLE_EXECUTABLE_FOLDER_PATH)/SKCSwift";
			};
			name = Debug;
		};
		1F82120C2961FF0100238EE1 /* Release */ = {
			isa = XCBuildConfiguration;
			buildSettings = {
				BUNDLE_LOADER = "$(TEST_HOST)";
				CODE_SIGN_STYLE = Automatic;
				CURRENT_PROJECT_VERSION = 20251207.2138;
				DEVELOPMENT_TEAM = L3TE47Z3E2;
				GENERATE_INFOPLIST_FILE = YES;
				IPHONEOS_DEPLOYMENT_TARGET = 18.0;
				MARKETING_VERSION = 1.0;
				PRODUCT_BUNDLE_IDENTIFIER = com.skc.app.SKCSwiftTests;
				PRODUCT_NAME = "$(TARGET_NAME)";
				SWIFT_EMIT_LOC_STRINGS = NO;
				SWIFT_VERSION = 5.0;
				TARGETED_DEVICE_FAMILY = "1,2";
				TEST_HOST = "$(BUILT_PRODUCTS_DIR)/SKCSwift.app/$(BUNDLE_EXECUTABLE_FOLDER_PATH)/SKCSwift";
			};
			name = Release;
		};
		1F82120E2961FF0100238EE1 /* Debug */ = {
			isa = XCBuildConfiguration;
			buildSettings = {
				CODE_SIGN_STYLE = Automatic;
				CURRENT_PROJECT_VERSION = 20251207.2138;
				GENERATE_INFOPLIST_FILE = YES;
				MARKETING_VERSION = 1.0;
				PRODUCT_BUNDLE_IDENTIFIER = com.skc.app.SKCSwiftUITests;
				PRODUCT_NAME = "$(TARGET_NAME)";
				SWIFT_EMIT_LOC_STRINGS = NO;
				SWIFT_VERSION = 5.0;
				TARGETED_DEVICE_FAMILY = "1,2";
				TEST_TARGET_NAME = SKCSwift;
			};
			name = Debug;
		};
		1F82120F2961FF0100238EE1 /* Release */ = {
			isa = XCBuildConfiguration;
			buildSettings = {
				CODE_SIGN_STYLE = Automatic;
				CURRENT_PROJECT_VERSION = 20251207.2138;
				GENERATE_INFOPLIST_FILE = YES;
				MARKETING_VERSION = 1.0;
				PRODUCT_BUNDLE_IDENTIFIER = com.skc.app.SKCSwiftUITests;
				PRODUCT_NAME = "$(TARGET_NAME)";
				SWIFT_EMIT_LOC_STRINGS = NO;
				SWIFT_VERSION = 5.0;
				TARGETED_DEVICE_FAMILY = "1,2";
				TEST_TARGET_NAME = SKCSwift;
			};
			name = Release;
		};
		DE70C4B22E9DF85100C568A5 /* Debug */ = {
			isa = XCBuildConfiguration;
			buildSettings = {
				CODE_SIGN_STYLE = Automatic;
				DEVELOPMENT_TEAM = L3TE47Z3E2;
				GCC_C_LANGUAGE_STANDARD = gnu23;
				IPHONEOS_DEPLOYMENT_TARGET = 18.0;
				LOCALIZATION_PREFERS_STRING_CATALOGS = YES;
				OTHER_LDFLAGS = "-ObjC";
				PRODUCT_NAME = "$(TARGET_NAME)";
				SKIP_INSTALL = YES;
				SWIFT_ACTIVE_COMPILATION_CONDITIONS = "DEBUG $(inherited)";
				SWIFT_APPROACHABLE_CONCURRENCY = YES;
				SWIFT_DEFAULT_ACTOR_ISOLATION = nonisolated;
				SWIFT_SKIP_AUTOLINKING_ALL_FRAMEWORKS = YES;
				SWIFT_SKIP_AUTOLINKING_FRAMEWORKS = "";
				SWIFT_STRICT_MEMORY_SAFETY = YES;
				SWIFT_UPCOMING_FEATURE_CONCISE_MAGIC_FILE = YES;
				SWIFT_UPCOMING_FEATURE_DEPRECATE_APPLICATION_MAIN = YES;
				SWIFT_UPCOMING_FEATURE_DYNAMIC_ACTOR_ISOLATION = YES;
				SWIFT_UPCOMING_FEATURE_FORWARD_TRAILING_CLOSURES = YES;
				SWIFT_UPCOMING_FEATURE_GLOBAL_CONCURRENCY = YES;
				SWIFT_UPCOMING_FEATURE_IMPLICIT_OPEN_EXISTENTIALS = YES;
				SWIFT_UPCOMING_FEATURE_IMPORT_OBJC_FORWARD_DECLS = YES;
				SWIFT_UPCOMING_FEATURE_ISOLATED_DEFAULT_VALUES = YES;
				SWIFT_UPCOMING_FEATURE_MEMBER_IMPORT_VISIBILITY = YES;
				SWIFT_UPCOMING_FEATURE_NONFROZEN_ENUM_EXHAUSTIVITY = YES;
				SWIFT_UPCOMING_FEATURE_REGION_BASED_ISOLATION = YES;
				SWIFT_VERSION = 6.0;
				TARGETED_DEVICE_FAMILY = "1,2";
			};
			name = Debug;
		};
		DE70C4B32E9DF85100C568A5 /* Release */ = {
			isa = XCBuildConfiguration;
			buildSettings = {
				CODE_SIGN_STYLE = Automatic;
				DEVELOPMENT_TEAM = L3TE47Z3E2;
				GCC_C_LANGUAGE_STANDARD = gnu23;
				IPHONEOS_DEPLOYMENT_TARGET = 18.0;
				LOCALIZATION_PREFERS_STRING_CATALOGS = YES;
				OTHER_LDFLAGS = "-ObjC";
				PRODUCT_NAME = "$(TARGET_NAME)";
				SKIP_INSTALL = YES;
				SWIFT_APPROACHABLE_CONCURRENCY = YES;
				SWIFT_DEFAULT_ACTOR_ISOLATION = nonisolated;
				SWIFT_SKIP_AUTOLINKING_ALL_FRAMEWORKS = YES;
				SWIFT_SKIP_AUTOLINKING_FRAMEWORKS = "";
				SWIFT_STRICT_MEMORY_SAFETY = YES;
				SWIFT_UPCOMING_FEATURE_CONCISE_MAGIC_FILE = YES;
				SWIFT_UPCOMING_FEATURE_DEPRECATE_APPLICATION_MAIN = YES;
				SWIFT_UPCOMING_FEATURE_DYNAMIC_ACTOR_ISOLATION = YES;
				SWIFT_UPCOMING_FEATURE_FORWARD_TRAILING_CLOSURES = YES;
				SWIFT_UPCOMING_FEATURE_GLOBAL_CONCURRENCY = YES;
				SWIFT_UPCOMING_FEATURE_IMPLICIT_OPEN_EXISTENTIALS = YES;
				SWIFT_UPCOMING_FEATURE_IMPORT_OBJC_FORWARD_DECLS = YES;
				SWIFT_UPCOMING_FEATURE_ISOLATED_DEFAULT_VALUES = YES;
				SWIFT_UPCOMING_FEATURE_MEMBER_IMPORT_VISIBILITY = YES;
				SWIFT_UPCOMING_FEATURE_NONFROZEN_ENUM_EXHAUSTIVITY = YES;
				SWIFT_UPCOMING_FEATURE_REGION_BASED_ISOLATION = YES;
				SWIFT_VERSION = 6.0;
				TARGETED_DEVICE_FAMILY = "1,2";
			};
			name = Release;
		};
/* End XCBuildConfiguration section */

/* Begin XCConfigurationList section */
		1F8211DE2961FF0000238EE1 /* Build configuration list for PBXProject "SKCSwift" */ = {
			isa = XCConfigurationList;
			buildConfigurations = (
				1F8212052961FF0100238EE1 /* Debug */,
				1F8212062961FF0100238EE1 /* Release */,
			);
			defaultConfigurationIsVisible = 0;
			defaultConfigurationName = Release;
		};
		1F8212072961FF0100238EE1 /* Build configuration list for PBXNativeTarget "SKCSwift" */ = {
			isa = XCConfigurationList;
			buildConfigurations = (
				1F8212082961FF0100238EE1 /* Debug */,
				1F8212092961FF0100238EE1 /* Release */,
			);
			defaultConfigurationIsVisible = 0;
			defaultConfigurationName = Release;
		};
		1F82120A2961FF0100238EE1 /* Build configuration list for PBXNativeTarget "SKCSwiftTests" */ = {
			isa = XCConfigurationList;
			buildConfigurations = (
				1F82120B2961FF0100238EE1 /* Debug */,
				1F82120C2961FF0100238EE1 /* Release */,
			);
			defaultConfigurationIsVisible = 0;
			defaultConfigurationName = Release;
		};
		1F82120D2961FF0100238EE1 /* Build configuration list for PBXNativeTarget "SKCSwiftUITests" */ = {
			isa = XCConfigurationList;
			buildConfigurations = (
				1F82120E2961FF0100238EE1 /* Debug */,
				1F82120F2961FF0100238EE1 /* Release */,
			);
			defaultConfigurationIsVisible = 0;
			defaultConfigurationName = Release;
		};
		DE70C4B42E9DF85100C568A5 /* Build configuration list for PBXNativeTarget "YGOService" */ = {
			isa = XCConfigurationList;
			buildConfigurations = (
				DE70C4B22E9DF85100C568A5 /* Debug */,
				DE70C4B32E9DF85100C568A5 /* Release */,
			);
			defaultConfigurationIsVisible = 0;
			defaultConfigurationName = Release;
		};
/* End XCConfigurationList section */

/* Begin XCRemoteSwiftPackageReference section */
		DE70C4BD2E9DF86D00C568A5 /* XCRemoteSwiftPackageReference "grpc-swift-protobuf" */ = {
			isa = XCRemoteSwiftPackageReference;
			repositoryURL = "https://github.com/grpc/grpc-swift-protobuf";
			requirement = {
				kind = upToNextMajorVersion;
				minimumVersion = 2.1.1;
			};
		};
		DE70C4C02E9DF87800C568A5 /* XCRemoteSwiftPackageReference "grpc-swift-2" */ = {
			isa = XCRemoteSwiftPackageReference;
			repositoryURL = "https://github.com/grpc/grpc-swift-2";
			requirement = {
				kind = upToNextMajorVersion;
				minimumVersion = 2.1.0;
			};
		};
		DE70C4C32E9DF88400C568A5 /* XCRemoteSwiftPackageReference "grpc-swift-nio-transport" */ = {
			isa = XCRemoteSwiftPackageReference;
			repositoryURL = "https://github.com/grpc/grpc-swift-nio-transport";
			requirement = {
				kind = upToNextMajorVersion;
				minimumVersion = 2.2.0;
			};
		};
		DEDE9F422C55AED7009E834C /* XCRemoteSwiftPackageReference "swiftui-cached-async-image" */ = {
			isa = XCRemoteSwiftPackageReference;
			repositoryURL = "https://github.com/lorenzofiamingo/swiftui-cached-async-image";
			requirement = {
				kind = upToNextMajorVersion;
				minimumVersion = 2.1.1;
			};
		};
/* End XCRemoteSwiftPackageReference section */

/* Begin XCSwiftPackageProductDependency section */
		DE70C4BE2E9DF86D00C568A5 /* GRPCProtobuf */ = {
			isa = XCSwiftPackageProductDependency;
			package = DE70C4BD2E9DF86D00C568A5 /* XCRemoteSwiftPackageReference "grpc-swift-protobuf" */;
			productName = GRPCProtobuf;
		};
		DE70C4C12E9DF87800C568A5 /* GRPCCore */ = {
			isa = XCSwiftPackageProductDependency;
			package = DE70C4C02E9DF87800C568A5 /* XCRemoteSwiftPackageReference "grpc-swift-2" */;
			productName = GRPCCore;
		};
		DE70C4C42E9DF88400C568A5 /* GRPCNIOTransportHTTP2 */ = {
			isa = XCSwiftPackageProductDependency;
			package = DE70C4C32E9DF88400C568A5 /* XCRemoteSwiftPackageReference "grpc-swift-nio-transport" */;
			productName = GRPCNIOTransportHTTP2;
		};
		DEDE9F432C55AED7009E834C /* CachedAsyncImage */ = {
			isa = XCSwiftPackageProductDependency;
			package = DEDE9F422C55AED7009E834C /* XCRemoteSwiftPackageReference "swiftui-cached-async-image" */;
			productName = CachedAsyncImage;
		};
/* End XCSwiftPackageProductDependency section */
	};
	rootObject = 1F8211DB2961FF0000238EE1 /* Project object */;
}
